// !$*UTF8*$!
{
	archiveVersion = 1;
	classes = {
	};
	objectVersion = 54;
	objects = {

/* Begin PBXBuildFile section */
		6F0095B525455F02002C8E1F /* IOBluetooth.framework in Frameworks */ = {isa = PBXBuildFile; fileRef = 6F8611CD253AA2FA008FB857 /* IOBluetooth.framework */; };
		6F0095B625455F09002C8E1F /* CoreWLAN.framework in Frameworks */ = {isa = PBXBuildFile; fileRef = 6F8611E0253AB869008FB857 /* CoreWLAN.framework */; };
		6F0095B725455F2C002C8E1F /* IOKit.framework in Frameworks */ = {isa = PBXBuildFile; fileRef = 6F1C709F251473CD007D1DFC /* IOKit.framework */; };
		6F0095B825455F36002C8E1F /* ApplicationServices.framework in Frameworks */ = {isa = PBXBuildFile; fileRef = 6F8611F1253AC075008FB857 /* ApplicationServices.framework */; };
		6F0095BE25455F99002C8E1F /* CoreFoundation.framework in Frameworks */ = {isa = PBXBuildFile; fileRef = 6F1C70A1251473DF007D1DFC /* CoreFoundation.framework */; };
		6F05D7E2252E35A000471F57 /* YogaSMCUserClient.cpp in Sources */ = {isa = PBXBuildFile; fileRef = 6F05D7E0252E35A000471F57 /* YogaSMCUserClient.cpp */; };
		6F05D7E3252E35A000471F57 /* YogaSMCUserClientPrivate.hpp in Headers */ = {isa = PBXBuildFile; fileRef = 6F05D7E1252E35A000471F57 /* YogaSMCUserClientPrivate.hpp */; };
		6F05D7E7252E362600471F57 /* YogaSMCUserClientPrivate.hpp in Headers */ = {isa = PBXBuildFile; fileRef = 6F05D7E1252E35A000471F57 /* YogaSMCUserClientPrivate.hpp */; };
		6F05D7EB252E362A00471F57 /* YogaSMCUserClient.cpp in Sources */ = {isa = PBXBuildFile; fileRef = 6F05D7E0252E35A000471F57 /* YogaSMCUserClient.cpp */; };
		6F08ACE824746B8B00681A63 /* YogaWMI.hpp in Headers */ = {isa = PBXBuildFile; fileRef = 6F08ACE724746B8B00681A63 /* YogaWMI.hpp */; };
		6F08ACEA24746B8B00681A63 /* YogaWMI.cpp in Sources */ = {isa = PBXBuildFile; fileRef = 6F08ACE924746B8B00681A63 /* YogaWMI.cpp */; };
		6F0A987A25343357002F9F65 /* AppDelegate.swift in Sources */ = {isa = PBXBuildFile; fileRef = 6F0A987925343357002F9F65 /* AppDelegate.swift */; };
		6F0A987E25343359002F9F65 /* Assets.xcassets in Resources */ = {isa = PBXBuildFile; fileRef = 6F0A987D25343359002F9F65 /* Assets.xcassets */; };
		6F0A988125343359002F9F65 /* Main.storyboard in Resources */ = {isa = PBXBuildFile; fileRef = 6F0A987F25343359002F9F65 /* Main.storyboard */; };
		6F1C7093251473BB007D1DFC /* YogaSMCPane.tiff in Resources */ = {isa = PBXBuildFile; fileRef = 6F1C7092251473BB007D1DFC /* YogaSMCPane.tiff */; };
		6F1C7096251473BB007D1DFC /* YogaSMCPane.xib in Resources */ = {isa = PBXBuildFile; fileRef = 6F1C7094251473BB007D1DFC /* YogaSMCPane.xib */; };
		6F1C70A0251473CD007D1DFC /* IOKit.framework in Frameworks */ = {isa = PBXBuildFile; fileRef = 6F1C709F251473CD007D1DFC /* IOKit.framework */; };
		6F1C70A2251473DF007D1DFC /* CoreFoundation.framework in Frameworks */ = {isa = PBXBuildFile; fileRef = 6F1C70A1251473DF007D1DFC /* CoreFoundation.framework */; };
		6F1C70A4251473E7007D1DFC /* AppKit.framework in Frameworks */ = {isa = PBXBuildFile; fileRef = 6F1C70A3251473E7007D1DFC /* AppKit.framework */; };
		6F1C70A725147410007D1DFC /* YogaSMCPane.swift in Sources */ = {isa = PBXBuildFile; fileRef = 6F1C70A625147410007D1DFC /* YogaSMCPane.swift */; };
		6F1C70B2251475BA007D1DFC /* PreferencePanes.framework in Frameworks */ = {isa = PBXBuildFile; fileRef = 6F1C70B1251475BA007D1DFC /* PreferencePanes.framework */; };
		6F2D45CC24C9494B00A75751 /* LICENSE in CopyFiles */ = {isa = PBXBuildFile; fileRef = 6F2D45CB24C9494B00A75751 /* LICENSE */; };
		6F48676324A293A0003AD4CA /* IdeaWMI.cpp in Sources */ = {isa = PBXBuildFile; fileRef = 6F48676124A293A0003AD4CA /* IdeaWMI.cpp */; };
		6F48676424A293A0003AD4CA /* IdeaWMI.hpp in Headers */ = {isa = PBXBuildFile; fileRef = 6F48676224A293A0003AD4CA /* IdeaWMI.hpp */; };
		6F6CEDA424BC14C2004D553F /* ThinkVPC.cpp in Sources */ = {isa = PBXBuildFile; fileRef = 6F6CEDA224BC14C2004D553F /* ThinkVPC.cpp */; };
		6F6CEDA524BC14C2004D553F /* ThinkVPC.hpp in Headers */ = {isa = PBXBuildFile; fileRef = 6F6CEDA324BC14C2004D553F /* ThinkVPC.hpp */; };
		6F77A23824F4FE59007A127B /* IdeaSMC.cpp in Sources */ = {isa = PBXBuildFile; fileRef = 6F77A23624F4FE59007A127B /* IdeaSMC.cpp */; };
		6F77A23924F4FE59007A127B /* IdeaSMC.hpp in Headers */ = {isa = PBXBuildFile; fileRef = 6F77A23724F4FE59007A127B /* IdeaSMC.hpp */; };
		6F7B0EE925303D83001616D6 /* libkmod.a in Frameworks */ = {isa = PBXBuildFile; fileRef = 6F05D7F125300CDE00471F57 /* libkmod.a */; };
		6F7B0EEA25303D87001616D6 /* libkmod.a in Frameworks */ = {isa = PBXBuildFile; fileRef = 6F05D7F125300CDE00471F57 /* libkmod.a */; };
		6F7B5CFF24FBC3CC00AA80FF /* ThinkSMC.cpp in Sources */ = {isa = PBXBuildFile; fileRef = 6F7B5CFD24FBC3CC00AA80FF /* ThinkSMC.cpp */; };
		6F7B5D0024FBC3CC00AA80FF /* ThinkSMC.hpp in Headers */ = {isa = PBXBuildFile; fileRef = 6F7B5CFE24FBC3CC00AA80FF /* ThinkSMC.hpp */; };
		6F7D484325344C25004074C7 /* main.swift in Sources */ = {isa = PBXBuildFile; fileRef = 6F7D484225344C25004074C7 /* main.swift */; };
		6F7D486F25344D66004074C7 /* YogaSMCNCHelper.app in Copy Login Item */ = {isa = PBXBuildFile; fileRef = 6F7D484025344C25004074C7 /* YogaSMCNCHelper.app */; settings = {ATTRIBUTES = (RemoveHeadersOnCopy, ); }; };
		6F7D487B253465DB004074C7 /* ServiceManagement.framework in Frameworks */ = {isa = PBXBuildFile; fileRef = 6F7D487A253465DB004074C7 /* ServiceManagement.framework */; };
		6F7D488325346671004074C7 /* AppKit.framework in Frameworks */ = {isa = PBXBuildFile; fileRef = 6F1C70A3251473E7007D1DFC /* AppKit.framework */; };
		6F7D488425346677004074C7 /* AppKit.framework in Frameworks */ = {isa = PBXBuildFile; fileRef = 6F1C70A3251473E7007D1DFC /* AppKit.framework */; };
		6F81FC4425317B1200CFEDF5 /* YogaSMCUserClient.h in Headers */ = {isa = PBXBuildFile; fileRef = 6F81FC4025317AE100CFEDF5 /* YogaSMCUserClient.h */; };
		6F81FC4825317B1300CFEDF5 /* YogaSMCUserClient.h in Headers */ = {isa = PBXBuildFile; fileRef = 6F81FC4025317AE100CFEDF5 /* YogaSMCUserClient.h */; };
		6F83587324D0C2B50031512F /* KeyImplementations.cpp in Sources */ = {isa = PBXBuildFile; fileRef = 6F83587124D0C2B50031512F /* KeyImplementations.cpp */; };
		6F83587424D0C2B50031512F /* KeyImplementations.hpp in Headers */ = {isa = PBXBuildFile; fileRef = 6F83587224D0C2B50031512F /* KeyImplementations.hpp */; };
		6F8611D5253AB59F008FB857 /* RFHelper.swift in Sources */ = {isa = PBXBuildFile; fileRef = 6F8611D4253AB59F008FB857 /* RFHelper.swift */; };
		6F861215253AF7E4008FB857 /* BacklightLow.pdf in Resources */ = {isa = PBXBuildFile; fileRef = 6F861212253AF7E4008FB857 /* BacklightLow.pdf */; };
		6F861216253AF7E4008FB857 /* BacklightOff.pdf in Resources */ = {isa = PBXBuildFile; fileRef = 6F861213253AF7E4008FB857 /* BacklightOff.pdf */; };
		6F861217253AF7E4008FB857 /* BacklightHigh.pdf in Resources */ = {isa = PBXBuildFile; fileRef = 6F861214253AF7E4008FB857 /* BacklightHigh.pdf */; };
		6F86122F253B692C008FB857 /* AirplaneMode.pdf in Resources */ = {isa = PBXBuildFile; fileRef = 6F86122D253B692C008FB857 /* AirplaneMode.pdf */; };
		6F861230253B692C008FB857 /* Antenna.pdf in Resources */ = {isa = PBXBuildFile; fileRef = 6F86122E253B692C008FB857 /* Antenna.pdf */; };
		6F861237253BD518008FB857 /* Star.pdf in Resources */ = {isa = PBXBuildFile; fileRef = 6F861236253BD518008FB857 /* Star.pdf */; };
		6F861243253BD7FB008FB857 /* Configuration.swift in Sources */ = {isa = PBXBuildFile; fileRef = 6F861242253BD7FB008FB857 /* Configuration.swift */; };
		6F861251253BF805008FB857 /* YogaBaseService.cpp in Sources */ = {isa = PBXBuildFile; fileRef = 6F86124F253BF805008FB857 /* YogaBaseService.cpp */; };
		6F861252253BF805008FB857 /* YogaBaseService.cpp in Sources */ = {isa = PBXBuildFile; fileRef = 6F86124F253BF805008FB857 /* YogaBaseService.cpp */; };
		6F861253253BF805008FB857 /* YogaBaseService.hpp in Headers */ = {isa = PBXBuildFile; fileRef = 6F861250253BF805008FB857 /* YogaBaseService.hpp */; };
		6F861254253BF805008FB857 /* YogaBaseService.hpp in Headers */ = {isa = PBXBuildFile; fileRef = 6F861250253BF805008FB857 /* YogaBaseService.hpp */; };
		6F87BF8024D26A5D00D64375 /* YogaSMC.cpp in Sources */ = {isa = PBXBuildFile; fileRef = 6F87BF7E24D26A5D00D64375 /* YogaSMC.cpp */; };
		6F87BF8124D26A5D00D64375 /* YogaSMC.hpp in Headers */ = {isa = PBXBuildFile; fileRef = 6F87BF7F24D26A5D00D64375 /* YogaSMC.hpp */; };
		6F88067924EB575F00ACD6C8 /* WMI.h in Headers */ = {isa = PBXBuildFile; fileRef = 6FCF7F572474B74800A82B13 /* WMI.h */; };
		6F88067A24EB575F00ACD6C8 /* YogaVPC.hpp in Headers */ = {isa = PBXBuildFile; fileRef = 6F96A30B24B93D25006562EC /* YogaVPC.hpp */; };
		6F88067B24EB575F00ACD6C8 /* bmfparser.hpp in Headers */ = {isa = PBXBuildFile; fileRef = 6FD2BB8C247B37A20018EA36 /* bmfparser.hpp */; };
		6F88067C24EB575F00ACD6C8 /* common.h in Headers */ = {isa = PBXBuildFile; fileRef = 6FCF7F5B2474B89000A82B13 /* common.h */; };
		6F88067D24EB575F00ACD6C8 /* bmfdec.h in Headers */ = {isa = PBXBuildFile; fileRef = 6FD2BB46247721040018EA36 /* bmfdec.h */; };
		6F88067E24EB575F00ACD6C8 /* YogaWMI.hpp in Headers */ = {isa = PBXBuildFile; fileRef = 6F08ACE724746B8B00681A63 /* YogaWMI.hpp */; };
		6F88067F24EB575F00ACD6C8 /* ThinkVPC.hpp in Headers */ = {isa = PBXBuildFile; fileRef = 6F6CEDA324BC14C2004D553F /* ThinkVPC.hpp */; };
		6F88068124EB575F00ACD6C8 /* IdeaWMI.hpp in Headers */ = {isa = PBXBuildFile; fileRef = 6F48676224A293A0003AD4CA /* IdeaWMI.hpp */; };
		6F88068324EB575F00ACD6C8 /* IdeaVPC.hpp in Headers */ = {isa = PBXBuildFile; fileRef = 6F9553B924BA515B00215EBB /* IdeaVPC.hpp */; };
		6F88068524EB575F00ACD6C8 /* IdeaVPC.cpp in Sources */ = {isa = PBXBuildFile; fileRef = 6F9553B824BA515B00215EBB /* IdeaVPC.cpp */; };
		6F88068624EB575F00ACD6C8 /* ThinkVPC.cpp in Sources */ = {isa = PBXBuildFile; fileRef = 6F6CEDA224BC14C2004D553F /* ThinkVPC.cpp */; };
		6F88068724EB575F00ACD6C8 /* YogaWMI.cpp in Sources */ = {isa = PBXBuildFile; fileRef = 6F08ACE924746B8B00681A63 /* YogaWMI.cpp */; };
		6F88068924EB575F00ACD6C8 /* IdeaWMI.cpp in Sources */ = {isa = PBXBuildFile; fileRef = 6F48676124A293A0003AD4CA /* IdeaWMI.cpp */; };
		6F88068A24EB575F00ACD6C8 /* bmfdec.c in Sources */ = {isa = PBXBuildFile; fileRef = 6FD2BB47247721040018EA36 /* bmfdec.c */; };
		6F88068B24EB575F00ACD6C8 /* WMI.cpp in Sources */ = {isa = PBXBuildFile; fileRef = 6FCF7F582474B74800A82B13 /* WMI.cpp */; };
		6F88068C24EB575F00ACD6C8 /* YogaVPC.cpp in Sources */ = {isa = PBXBuildFile; fileRef = 6F96A30A24B93D25006562EC /* YogaVPC.cpp */; };
		6F88068E24EB575F00ACD6C8 /* bmfparser.cpp in Sources */ = {isa = PBXBuildFile; fileRef = 6FD2BB8B247B37A20018EA36 /* bmfparser.cpp */; };
		6F8AF130254DEDEE00438EC8 /* DateHelper.swift in Sources */ = {isa = PBXBuildFile; fileRef = 6F8AF12F254DEDEE00438EC8 /* DateHelper.swift */; };
		6F8AF13B254DF79100438EC8 /* ScriptHelper.swift in Sources */ = {isa = PBXBuildFile; fileRef = 6F8B1F70253821C3003DD8A8 /* ScriptHelper.swift */; };
		6F8AF141254DF89600438EC8 /* SystemPreferences.swift in Sources */ = {isa = PBXBuildFile; fileRef = 6F8B1FB92538C53A003DD8A8 /* SystemPreferences.swift */; };
		6F8B1F252538083A003DD8A8 /* PropertyHelper.swift in Sources */ = {isa = PBXBuildFile; fileRef = 6F8B1F242538083A003DD8A8 /* PropertyHelper.swift */; };
		6F8B1F262538083A003DD8A8 /* PropertyHelper.swift in Sources */ = {isa = PBXBuildFile; fileRef = 6F8B1F242538083A003DD8A8 /* PropertyHelper.swift */; };
		6F8B1F2D253808DC003DD8A8 /* OSDHelper.swift in Sources */ = {isa = PBXBuildFile; fileRef = 6F8B1F2C253808DC003DD8A8 /* OSDHelper.swift */; };
		6F8B1F2E253808DC003DD8A8 /* OSDHelper.swift in Sources */ = {isa = PBXBuildFile; fileRef = 6F8B1F2C253808DC003DD8A8 /* OSDHelper.swift */; };
		6F8B1F71253821C3003DD8A8 /* ScriptHelper.swift in Sources */ = {isa = PBXBuildFile; fileRef = 6F8B1F70253821C3003DD8A8 /* ScriptHelper.swift */; };
		6F8B1FC52538CB37003DD8A8 /* SystemPreferences.swift in Sources */ = {isa = PBXBuildFile; fileRef = 6F8B1FB92538C53A003DD8A8 /* SystemPreferences.swift */; };
		6F8B2303253C4241005BEC5D /* Mic.pdf in Resources */ = {isa = PBXBuildFile; fileRef = 6F8B2301253C4241005BEC5D /* Mic.pdf */; };
		6F8B2304253C4241005BEC5D /* MicOff.pdf in Resources */ = {isa = PBXBuildFile; fileRef = 6F8B2302253C4241005BEC5D /* MicOff.pdf */; };
		6F8B2311253CE075005BEC5D /* Keyboard.pdf in Resources */ = {isa = PBXBuildFile; fileRef = 6F8B230F253CE075005BEC5D /* Keyboard.pdf */; };
		6F8B2312253CE075005BEC5D /* KeyboardOff.pdf in Resources */ = {isa = PBXBuildFile; fileRef = 6F8B2310253CE075005BEC5D /* KeyboardOff.pdf */; };
		6F8B231A253CE1F3005BEC5D /* Wifi.pdf in Resources */ = {isa = PBXBuildFile; fileRef = 6F8B2318253CE1F3005BEC5D /* Wifi.pdf */; };
		6F8B231B253CE1F3005BEC5D /* WifiOff.pdf in Resources */ = {isa = PBXBuildFile; fileRef = 6F8B2319253CE1F3005BEC5D /* WifiOff.pdf */; };
		6F8B2322253CE59C005BEC5D /* Bluetooth.pdf in Resources */ = {isa = PBXBuildFile; fileRef = 6F8B2321253CE59C005BEC5D /* Bluetooth.pdf */; };
		6F8B2337253CEA94005BEC5D /* Camera.pdf in Resources */ = {isa = PBXBuildFile; fileRef = 6F8B2336253CEA93005BEC5D /* Camera.pdf */; };
		6F8B2343253CEF97005BEC5D /* Sleep.pdf in Resources */ = {isa = PBXBuildFile; fileRef = 6F8B2342253CEF97005BEC5D /* Sleep.pdf */; };
		6F8B234A253CF029005BEC5D /* SecondDisplay.pdf in Resources */ = {isa = PBXBuildFile; fileRef = 6F8B2349253CF029005BEC5D /* SecondDisplay.pdf */; };
		6F9553BA24BA515B00215EBB /* IdeaVPC.cpp in Sources */ = {isa = PBXBuildFile; fileRef = 6F9553B824BA515B00215EBB /* IdeaVPC.cpp */; };
		6F9553BB24BA515B00215EBB /* IdeaVPC.hpp in Headers */ = {isa = PBXBuildFile; fileRef = 6F9553B924BA515B00215EBB /* IdeaVPC.hpp */; };
		6F96A30C24B93D25006562EC /* YogaVPC.cpp in Sources */ = {isa = PBXBuildFile; fileRef = 6F96A30A24B93D25006562EC /* YogaVPC.cpp */; };
		6F96A30D24B93D25006562EC /* YogaVPC.hpp in Headers */ = {isa = PBXBuildFile; fileRef = 6F96A30B24B93D25006562EC /* YogaVPC.hpp */; };
		6F984C33253E1A8A00629109 /* NotificationCenter.framework in Frameworks */ = {isa = PBXBuildFile; fileRef = 6F984C32253E1A8A00629109 /* NotificationCenter.framework */; };
		6FA75308253D68C600EBE9D7 /* FunctionKey.pdf in Resources */ = {isa = PBXBuildFile; fileRef = 6FA75307253D68C600EBE9D7 /* FunctionKey.pdf */; };
		6FCF7F592474B74800A82B13 /* WMI.h in Headers */ = {isa = PBXBuildFile; fileRef = 6FCF7F572474B74800A82B13 /* WMI.h */; };
		6FCF7F5A2474B74800A82B13 /* WMI.cpp in Sources */ = {isa = PBXBuildFile; fileRef = 6FCF7F582474B74800A82B13 /* WMI.cpp */; };
		6FCF7F5C2474B89000A82B13 /* common.h in Headers */ = {isa = PBXBuildFile; fileRef = 6FCF7F5B2474B89000A82B13 /* common.h */; };
		6FD082B32537DA1A00491976 /* OSD.framework in Frameworks */ = {isa = PBXBuildFile; fileRef = 6FD082B22537DA1A00491976 /* OSD.framework */; };
		6FD082B42537DA1A00491976 /* OSD.framework in Frameworks */ = {isa = PBXBuildFile; fileRef = 6FD082B22537DA1A00491976 /* OSD.framework */; };
		6FD2BB48247721040018EA36 /* bmfdec.h in Headers */ = {isa = PBXBuildFile; fileRef = 6FD2BB46247721040018EA36 /* bmfdec.h */; };
		6FD2BB49247721040018EA36 /* bmfdec.c in Sources */ = {isa = PBXBuildFile; fileRef = 6FD2BB47247721040018EA36 /* bmfdec.c */; };
		6FD2BB8D247B37A20018EA36 /* bmfparser.cpp in Sources */ = {isa = PBXBuildFile; fileRef = 6FD2BB8B247B37A20018EA36 /* bmfparser.cpp */; };
		6FD2BB8E247B37A20018EA36 /* bmfparser.hpp in Headers */ = {isa = PBXBuildFile; fileRef = 6FD2BB8C247B37A20018EA36 /* bmfparser.hpp */; };
/* End PBXBuildFile section */

/* Begin PBXContainerItemProxy section */
		6F25B6A825343ADB00C2920C /* PBXContainerItemProxy */ = {
			isa = PBXContainerItemProxy;
			containerPortal = 6F08ACDB24746B8B00681A63 /* Project object */;
			proxyType = 1;
			remoteGlobalIDString = 6F0A987625343357002F9F65;
			remoteInfo = YogaSMCNC;
		};
		6F7D488A253509CC004074C7 /* PBXContainerItemProxy */ = {
			isa = PBXContainerItemProxy;
			containerPortal = 6F08ACDB24746B8B00681A63 /* Project object */;
			proxyType = 1;
			remoteGlobalIDString = 6F7D483F25344C25004074C7;
			remoteInfo = YogaSMCNCHelper;
		};
		6F97877424EB61C7008B03D2 /* PBXContainerItemProxy */ = {
			isa = PBXContainerItemProxy;
			containerPortal = 6F08ACDB24746B8B00681A63 /* Project object */;
			proxyType = 1;
			remoteGlobalIDString = 6F08ACE324746B8B00681A63;
			remoteInfo = YogaSMC;
		};
		6F97877624EB61CA008B03D2 /* PBXContainerItemProxy */ = {
			isa = PBXContainerItemProxy;
			containerPortal = 6F08ACDB24746B8B00681A63 /* Project object */;
			proxyType = 1;
			remoteGlobalIDString = 6F88067624EB575F00ACD6C8;
			remoteInfo = YogaSMCAlter;
		};
		6FF2A6872516BD8B000817CD /* PBXContainerItemProxy */ = {
			isa = PBXContainerItemProxy;
			containerPortal = 6F08ACDB24746B8B00681A63 /* Project object */;
			proxyType = 1;
			remoteGlobalIDString = 6F1C708B251473BB007D1DFC;
			remoteInfo = YogaSMCPane;
		};
/* End PBXContainerItemProxy section */

/* Begin PBXCopyFilesBuildPhase section */
		6F2D45CA24C9491C00A75751 /* CopyFiles */ = {
			isa = PBXCopyFilesBuildPhase;
			buildActionMask = 2147483647;
			dstPath = "";
			dstSubfolderSpec = 16;
			files = (
				6F2D45CC24C9494B00A75751 /* LICENSE in CopyFiles */,
			);
			runOnlyForDeploymentPostprocessing = 0;
		};
		6F7D486E25344D48004074C7 /* Copy Login Item */ = {
			isa = PBXCopyFilesBuildPhase;
			buildActionMask = 2147483647;
			dstPath = Contents/Library/LoginItems;
			dstSubfolderSpec = 1;
			files = (
				6F7D486F25344D66004074C7 /* YogaSMCNCHelper.app in Copy Login Item */,
			);
			name = "Copy Login Item";
			runOnlyForDeploymentPostprocessing = 0;
		};
/* End PBXCopyFilesBuildPhase section */

/* Begin PBXFileReference section */
		6F05D7E0252E35A000471F57 /* YogaSMCUserClient.cpp */ = {isa = PBXFileReference; lastKnownFileType = sourcecode.cpp.cpp; path = YogaSMCUserClient.cpp; sourceTree = "<group>"; };
		6F05D7E1252E35A000471F57 /* YogaSMCUserClientPrivate.hpp */ = {isa = PBXFileReference; lastKnownFileType = sourcecode.cpp.h; path = YogaSMCUserClientPrivate.hpp; sourceTree = "<group>"; };
		6F05D7F125300CDE00471F57 /* libkmod.a */ = {isa = PBXFileReference; lastKnownFileType = archive.ar; name = libkmod.a; path = MacKernelSDK/Library/x86_64/libkmod.a; sourceTree = "<group>"; };
		6F08ACE424746B8B00681A63 /* YogaSMC.kext */ = {isa = PBXFileReference; explicitFileType = wrapper.cfbundle; includeInIndex = 0; path = YogaSMC.kext; sourceTree = BUILT_PRODUCTS_DIR; };
		6F08ACE724746B8B00681A63 /* YogaWMI.hpp */ = {isa = PBXFileReference; lastKnownFileType = sourcecode.cpp.h; path = YogaWMI.hpp; sourceTree = "<group>"; };
		6F08ACE924746B8B00681A63 /* YogaWMI.cpp */ = {isa = PBXFileReference; lastKnownFileType = sourcecode.cpp.cpp; path = YogaWMI.cpp; sourceTree = "<group>"; };
		6F08ACEB24746B8B00681A63 /* Info.plist */ = {isa = PBXFileReference; lastKnownFileType = text.plist.xml; path = Info.plist; sourceTree = "<group>"; };
		6F0A987725343357002F9F65 /* YogaSMCNC.app */ = {isa = PBXFileReference; explicitFileType = wrapper.application; includeInIndex = 0; path = YogaSMCNC.app; sourceTree = BUILT_PRODUCTS_DIR; };
		6F0A987925343357002F9F65 /* AppDelegate.swift */ = {isa = PBXFileReference; lastKnownFileType = sourcecode.swift; path = AppDelegate.swift; sourceTree = "<group>"; };
		6F0A987D25343359002F9F65 /* Assets.xcassets */ = {isa = PBXFileReference; lastKnownFileType = folder.assetcatalog; path = Assets.xcassets; sourceTree = "<group>"; };
		6F0A988025343359002F9F65 /* Base */ = {isa = PBXFileReference; lastKnownFileType = file.storyboard; name = Base; path = Base.lproj/Main.storyboard; sourceTree = "<group>"; };
		6F0A988225343359002F9F65 /* Info.plist */ = {isa = PBXFileReference; lastKnownFileType = text.plist.xml; path = Info.plist; sourceTree = "<group>"; };
		6F1C708C251473BB007D1DFC /* YogaSMCPane.prefPane */ = {isa = PBXFileReference; explicitFileType = wrapper.cfbundle; includeInIndex = 0; path = YogaSMCPane.prefPane; sourceTree = BUILT_PRODUCTS_DIR; };
		6F1C7092251473BB007D1DFC /* YogaSMCPane.tiff */ = {isa = PBXFileReference; lastKnownFileType = image.tiff; path = YogaSMCPane.tiff; sourceTree = "<group>"; };
		6F1C7095251473BB007D1DFC /* Base */ = {isa = PBXFileReference; lastKnownFileType = file.xib; name = Base; path = Base.lproj/YogaSMCPane.xib; sourceTree = "<group>"; };
		6F1C7097251473BB007D1DFC /* Info.plist */ = {isa = PBXFileReference; lastKnownFileType = text.plist.xml; path = Info.plist; sourceTree = "<group>"; };
		6F1C709F251473CD007D1DFC /* IOKit.framework */ = {isa = PBXFileReference; lastKnownFileType = wrapper.framework; name = IOKit.framework; path = Platforms/MacOSX.platform/Developer/SDKs/MacOSX11.0.sdk/System/Library/Frameworks/IOKit.framework; sourceTree = DEVELOPER_DIR; };
		6F1C70A1251473DF007D1DFC /* CoreFoundation.framework */ = {isa = PBXFileReference; lastKnownFileType = wrapper.framework; name = CoreFoundation.framework; path = Platforms/MacOSX.platform/Developer/SDKs/MacOSX11.0.sdk/System/Library/Frameworks/CoreFoundation.framework; sourceTree = DEVELOPER_DIR; };
		6F1C70A3251473E7007D1DFC /* AppKit.framework */ = {isa = PBXFileReference; lastKnownFileType = wrapper.framework; name = AppKit.framework; path = Platforms/MacOSX.platform/Developer/SDKs/MacOSX11.0.sdk/System/Library/Frameworks/AppKit.framework; sourceTree = DEVELOPER_DIR; };
		6F1C70A625147410007D1DFC /* YogaSMCPane.swift */ = {isa = PBXFileReference; lastKnownFileType = sourcecode.swift; path = YogaSMCPane.swift; sourceTree = "<group>"; };
		6F1C70B1251475BA007D1DFC /* PreferencePanes.framework */ = {isa = PBXFileReference; lastKnownFileType = wrapper.framework; name = PreferencePanes.framework; path = Platforms/MacOSX.platform/Developer/SDKs/MacOSX11.0.sdk/System/Library/Frameworks/PreferencePanes.framework; sourceTree = DEVELOPER_DIR; };
		6F2D45CB24C9494B00A75751 /* LICENSE */ = {isa = PBXFileReference; lastKnownFileType = text; path = LICENSE; sourceTree = "<group>"; };
		6F48676124A293A0003AD4CA /* IdeaWMI.cpp */ = {isa = PBXFileReference; lastKnownFileType = sourcecode.cpp.cpp; path = IdeaWMI.cpp; sourceTree = "<group>"; };
		6F48676224A293A0003AD4CA /* IdeaWMI.hpp */ = {isa = PBXFileReference; lastKnownFileType = sourcecode.cpp.h; path = IdeaWMI.hpp; sourceTree = "<group>"; };
		6F6CEDA224BC14C2004D553F /* ThinkVPC.cpp */ = {isa = PBXFileReference; lastKnownFileType = sourcecode.cpp.cpp; path = ThinkVPC.cpp; sourceTree = "<group>"; };
		6F6CEDA324BC14C2004D553F /* ThinkVPC.hpp */ = {isa = PBXFileReference; lastKnownFileType = sourcecode.cpp.h; path = ThinkVPC.hpp; sourceTree = "<group>"; };
		6F70426124D2CFE900FD5659 /* SSDTSample */ = {isa = PBXFileReference; lastKnownFileType = folder; name = SSDTSample; path = YogaSMC/SSDTSample; sourceTree = "<group>"; };
		6F77A23624F4FE59007A127B /* IdeaSMC.cpp */ = {isa = PBXFileReference; lastKnownFileType = sourcecode.cpp.cpp; path = IdeaSMC.cpp; sourceTree = "<group>"; };
		6F77A23724F4FE59007A127B /* IdeaSMC.hpp */ = {isa = PBXFileReference; lastKnownFileType = sourcecode.cpp.h; path = IdeaSMC.hpp; sourceTree = "<group>"; };
		6F7B5CFD24FBC3CC00AA80FF /* ThinkSMC.cpp */ = {isa = PBXFileReference; lastKnownFileType = sourcecode.cpp.cpp; path = ThinkSMC.cpp; sourceTree = "<group>"; };
		6F7B5CFE24FBC3CC00AA80FF /* ThinkSMC.hpp */ = {isa = PBXFileReference; lastKnownFileType = sourcecode.cpp.h; path = ThinkSMC.hpp; sourceTree = "<group>"; };
		6F7D484025344C25004074C7 /* YogaSMCNCHelper.app */ = {isa = PBXFileReference; explicitFileType = wrapper.application; includeInIndex = 0; path = YogaSMCNCHelper.app; sourceTree = BUILT_PRODUCTS_DIR; };
		6F7D484225344C25004074C7 /* main.swift */ = {isa = PBXFileReference; lastKnownFileType = sourcecode.swift; path = main.swift; sourceTree = "<group>"; };
		6F7D484B25344C25004074C7 /* Info.plist */ = {isa = PBXFileReference; lastKnownFileType = text.plist.xml; path = Info.plist; sourceTree = "<group>"; };
		6F7D487A253465DB004074C7 /* ServiceManagement.framework */ = {isa = PBXFileReference; lastKnownFileType = wrapper.framework; name = ServiceManagement.framework; path = System/Library/Frameworks/ServiceManagement.framework; sourceTree = SDKROOT; };
		6F81FC4025317AE100CFEDF5 /* YogaSMCUserClient.h */ = {isa = PBXFileReference; lastKnownFileType = sourcecode.c.h; path = YogaSMCUserClient.h; sourceTree = "<group>"; };
		6F83586424D0BFFD0031512F /* Headers */ = {isa = PBXFileReference; lastKnownFileType = text; name = Headers; path = Lilu.kext/Contents/Resources/Headers; sourceTree = SOURCE_ROOT; };
		6F83586F24D0C0C90031512F /* VirtualSMCSDK */ = {isa = PBXFileReference; lastKnownFileType = text; name = VirtualSMCSDK; path = VirtualSMC.kext/Contents/Resources/VirtualSMCSDK; sourceTree = SOURCE_ROOT; };
		6F83587124D0C2B50031512F /* KeyImplementations.cpp */ = {isa = PBXFileReference; lastKnownFileType = sourcecode.cpp.cpp; path = KeyImplementations.cpp; sourceTree = "<group>"; };
		6F83587224D0C2B50031512F /* KeyImplementations.hpp */ = {isa = PBXFileReference; lastKnownFileType = sourcecode.cpp.h; path = KeyImplementations.hpp; sourceTree = "<group>"; };
		6F8611CD253AA2FA008FB857 /* IOBluetooth.framework */ = {isa = PBXFileReference; lastKnownFileType = wrapper.framework; name = IOBluetooth.framework; path = System/Library/Frameworks/IOBluetooth.framework; sourceTree = SDKROOT; };
		6F8611D4253AB59F008FB857 /* RFHelper.swift */ = {isa = PBXFileReference; lastKnownFileType = sourcecode.swift; path = RFHelper.swift; sourceTree = "<group>"; };
		6F8611E0253AB869008FB857 /* CoreWLAN.framework */ = {isa = PBXFileReference; lastKnownFileType = wrapper.framework; name = CoreWLAN.framework; path = System/Library/Frameworks/CoreWLAN.framework; sourceTree = SDKROOT; };
		6F8611F1253AC075008FB857 /* ApplicationServices.framework */ = {isa = PBXFileReference; lastKnownFileType = wrapper.framework; name = ApplicationServices.framework; path = System/Library/Frameworks/ApplicationServices.framework; sourceTree = SDKROOT; };
		6F861212253AF7E4008FB857 /* BacklightLow.pdf */ = {isa = PBXFileReference; lastKnownFileType = image.pdf; path = BacklightLow.pdf; sourceTree = "<group>"; };
		6F861213253AF7E4008FB857 /* BacklightOff.pdf */ = {isa = PBXFileReference; lastKnownFileType = image.pdf; path = BacklightOff.pdf; sourceTree = "<group>"; };
		6F861214253AF7E4008FB857 /* BacklightHigh.pdf */ = {isa = PBXFileReference; lastKnownFileType = image.pdf; path = BacklightHigh.pdf; sourceTree = "<group>"; };
		6F86122D253B692C008FB857 /* AirplaneMode.pdf */ = {isa = PBXFileReference; lastKnownFileType = image.pdf; path = AirplaneMode.pdf; sourceTree = "<group>"; };
		6F86122E253B692C008FB857 /* Antenna.pdf */ = {isa = PBXFileReference; lastKnownFileType = image.pdf; path = Antenna.pdf; sourceTree = "<group>"; };
		6F861236253BD518008FB857 /* Star.pdf */ = {isa = PBXFileReference; lastKnownFileType = image.pdf; path = Star.pdf; sourceTree = "<group>"; };
		6F861242253BD7FB008FB857 /* Configuration.swift */ = {isa = PBXFileReference; lastKnownFileType = sourcecode.swift; path = Configuration.swift; sourceTree = "<group>"; };
		6F86124F253BF805008FB857 /* YogaBaseService.cpp */ = {isa = PBXFileReference; lastKnownFileType = sourcecode.cpp.cpp; path = YogaBaseService.cpp; sourceTree = "<group>"; };
		6F861250253BF805008FB857 /* YogaBaseService.hpp */ = {isa = PBXFileReference; lastKnownFileType = sourcecode.cpp.h; path = YogaBaseService.hpp; sourceTree = "<group>"; };
		6F87BF7E24D26A5D00D64375 /* YogaSMC.cpp */ = {isa = PBXFileReference; lastKnownFileType = sourcecode.cpp.cpp; path = YogaSMC.cpp; sourceTree = "<group>"; };
		6F87BF7F24D26A5D00D64375 /* YogaSMC.hpp */ = {isa = PBXFileReference; lastKnownFileType = sourcecode.cpp.h; path = YogaSMC.hpp; sourceTree = "<group>"; };
		6F88069624EB575F00ACD6C8 /* YogaSMCAlter.kext */ = {isa = PBXFileReference; explicitFileType = wrapper.cfbundle; includeInIndex = 0; path = YogaSMCAlter.kext; sourceTree = BUILT_PRODUCTS_DIR; };
		6F88069724EB575F00ACD6C8 /* Alter-Info.plist */ = {isa = PBXFileReference; lastKnownFileType = text.plist.xml; path = "Alter-Info.plist"; sourceTree = "<group>"; };
		6F8AF12F254DEDEE00438EC8 /* DateHelper.swift */ = {isa = PBXFileReference; lastKnownFileType = sourcecode.swift; path = DateHelper.swift; sourceTree = "<group>"; };
		6F8B1F242538083A003DD8A8 /* PropertyHelper.swift */ = {isa = PBXFileReference; lastKnownFileType = sourcecode.swift; path = PropertyHelper.swift; sourceTree = "<group>"; };
		6F8B1F2C253808DC003DD8A8 /* OSDHelper.swift */ = {isa = PBXFileReference; lastKnownFileType = sourcecode.swift; path = OSDHelper.swift; sourceTree = "<group>"; };
		6F8B1F70253821C3003DD8A8 /* ScriptHelper.swift */ = {isa = PBXFileReference; lastKnownFileType = sourcecode.swift; path = ScriptHelper.swift; sourceTree = "<group>"; };
		6F8B1F902538309F003DD8A8 /* ThinkEvents.h */ = {isa = PBXFileReference; lastKnownFileType = sourcecode.c.h; path = ThinkEvents.h; sourceTree = "<group>"; };
		6F8B1FB92538C53A003DD8A8 /* SystemPreferences.swift */ = {isa = PBXFileReference; fileEncoding = 4; lastKnownFileType = sourcecode.swift; path = SystemPreferences.swift; sourceTree = "<group>"; };
		6F8B1FEA2538D64B003DD8A8 /* YogaSMCNC.entitlements */ = {isa = PBXFileReference; lastKnownFileType = text.plist.entitlements; path = YogaSMCNC.entitlements; sourceTree = "<group>"; };
		6F8B2301253C4241005BEC5D /* Mic.pdf */ = {isa = PBXFileReference; lastKnownFileType = image.pdf; path = Mic.pdf; sourceTree = "<group>"; };
		6F8B2302253C4241005BEC5D /* MicOff.pdf */ = {isa = PBXFileReference; lastKnownFileType = image.pdf; path = MicOff.pdf; sourceTree = "<group>"; };
		6F8B230F253CE075005BEC5D /* Keyboard.pdf */ = {isa = PBXFileReference; lastKnownFileType = image.pdf; path = Keyboard.pdf; sourceTree = "<group>"; };
		6F8B2310253CE075005BEC5D /* KeyboardOff.pdf */ = {isa = PBXFileReference; lastKnownFileType = image.pdf; path = KeyboardOff.pdf; sourceTree = "<group>"; };
		6F8B2318253CE1F3005BEC5D /* Wifi.pdf */ = {isa = PBXFileReference; lastKnownFileType = image.pdf; path = Wifi.pdf; sourceTree = "<group>"; };
		6F8B2319253CE1F3005BEC5D /* WifiOff.pdf */ = {isa = PBXFileReference; lastKnownFileType = image.pdf; path = WifiOff.pdf; sourceTree = "<group>"; };
		6F8B2321253CE59C005BEC5D /* Bluetooth.pdf */ = {isa = PBXFileReference; lastKnownFileType = image.pdf; path = Bluetooth.pdf; sourceTree = "<group>"; };
		6F8B2336253CEA93005BEC5D /* Camera.pdf */ = {isa = PBXFileReference; lastKnownFileType = image.pdf; path = Camera.pdf; sourceTree = "<group>"; };
		6F8B2342253CEF97005BEC5D /* Sleep.pdf */ = {isa = PBXFileReference; lastKnownFileType = image.pdf; path = Sleep.pdf; sourceTree = "<group>"; };
		6F8B2349253CF029005BEC5D /* SecondDisplay.pdf */ = {isa = PBXFileReference; lastKnownFileType = image.pdf; path = SecondDisplay.pdf; sourceTree = "<group>"; };
		6F9553B824BA515B00215EBB /* IdeaVPC.cpp */ = {isa = PBXFileReference; lastKnownFileType = sourcecode.cpp.cpp; path = IdeaVPC.cpp; sourceTree = "<group>"; };
		6F9553B924BA515B00215EBB /* IdeaVPC.hpp */ = {isa = PBXFileReference; lastKnownFileType = sourcecode.cpp.h; path = IdeaVPC.hpp; sourceTree = "<group>"; };
		6F96A30A24B93D25006562EC /* YogaVPC.cpp */ = {isa = PBXFileReference; lastKnownFileType = sourcecode.cpp.cpp; path = YogaVPC.cpp; sourceTree = "<group>"; };
		6F96A30B24B93D25006562EC /* YogaVPC.hpp */ = {isa = PBXFileReference; lastKnownFileType = sourcecode.cpp.h; path = YogaVPC.hpp; sourceTree = "<group>"; };
		6F96F4D524CD9593005A7686 /* message.h */ = {isa = PBXFileReference; lastKnownFileType = sourcecode.c.h; path = message.h; sourceTree = "<group>"; };
		6F984C32253E1A8A00629109 /* NotificationCenter.framework */ = {isa = PBXFileReference; lastKnownFileType = wrapper.framework; name = NotificationCenter.framework; path = System/Library/Frameworks/NotificationCenter.framework; sourceTree = SDKROOT; };
		6F9B2AB124D2ADD800005C16 /* README.md */ = {isa = PBXFileReference; lastKnownFileType = net.daringfireball.markdown; path = README.md; sourceTree = "<group>"; };
		6FA75307253D68C600EBE9D7 /* FunctionKey.pdf */ = {isa = PBXFileReference; lastKnownFileType = image.pdf; path = FunctionKey.pdf; sourceTree = "<group>"; };
		6FCF7F572474B74800A82B13 /* WMI.h */ = {isa = PBXFileReference; fileEncoding = 4; lastKnownFileType = sourcecode.c.h; path = WMI.h; sourceTree = "<group>"; };
		6FCF7F582474B74800A82B13 /* WMI.cpp */ = {isa = PBXFileReference; fileEncoding = 4; lastKnownFileType = sourcecode.cpp.cpp; path = WMI.cpp; sourceTree = "<group>"; };
		6FCF7F5B2474B89000A82B13 /* common.h */ = {isa = PBXFileReference; fileEncoding = 4; lastKnownFileType = sourcecode.c.h; path = common.h; sourceTree = "<group>"; };
		6FD082B22537DA1A00491976 /* OSD.framework */ = {isa = PBXFileReference; lastKnownFileType = wrapper.framework; name = OSD.framework; path = /System/Library/PrivateFrameworks/OSD.framework; sourceTree = "<absolute>"; };
		6FD083002537E87400491976 /* YogaSMC-Bridging-Header.h */ = {isa = PBXFileReference; lastKnownFileType = sourcecode.c.h; path = "YogaSMC-Bridging-Header.h"; sourceTree = "<group>"; };
		6FD2BB46247721040018EA36 /* bmfdec.h */ = {isa = PBXFileReference; lastKnownFileType = sourcecode.c.h; path = bmfdec.h; sourceTree = "<group>"; };
		6FD2BB47247721040018EA36 /* bmfdec.c */ = {isa = PBXFileReference; lastKnownFileType = sourcecode.c.c; path = bmfdec.c; sourceTree = "<group>"; };
		6FD2BB8B247B37A20018EA36 /* bmfparser.cpp */ = {isa = PBXFileReference; lastKnownFileType = sourcecode.cpp.cpp; path = bmfparser.cpp; sourceTree = "<group>"; };
		6FD2BB8C247B37A20018EA36 /* bmfparser.hpp */ = {isa = PBXFileReference; lastKnownFileType = sourcecode.cpp.h; path = bmfparser.hpp; sourceTree = "<group>"; };
		6FE3698824F76A5D008B29E4 /* DYTC.h */ = {isa = PBXFileReference; lastKnownFileType = sourcecode.c.h; path = DYTC.h; sourceTree = "<group>"; };
/* End PBXFileReference section */

/* Begin PBXFrameworksBuildPhase section */
		6F08ACE124746B8B00681A63 /* Frameworks */ = {
			isa = PBXFrameworksBuildPhase;
			buildActionMask = 2147483647;
			files = (
				6F7B0EEA25303D87001616D6 /* libkmod.a in Frameworks */,
			);
			runOnlyForDeploymentPostprocessing = 0;
		};
		6F0A987425343357002F9F65 /* Frameworks */ = {
			isa = PBXFrameworksBuildPhase;
			buildActionMask = 2147483647;
			files = (
				6F7D488425346677004074C7 /* AppKit.framework in Frameworks */,
				6F0095B825455F36002C8E1F /* ApplicationServices.framework in Frameworks */,
				6F0095BE25455F99002C8E1F /* CoreFoundation.framework in Frameworks */,
				6F0095B625455F09002C8E1F /* CoreWLAN.framework in Frameworks */,
				6F0095B525455F02002C8E1F /* IOBluetooth.framework in Frameworks */,
				6F0095B725455F2C002C8E1F /* IOKit.framework in Frameworks */,
				6F984C33253E1A8A00629109 /* NotificationCenter.framework in Frameworks */,
				6FD082B42537DA1A00491976 /* OSD.framework in Frameworks */,
				6F7D487B253465DB004074C7 /* ServiceManagement.framework in Frameworks */,
			);
			runOnlyForDeploymentPostprocessing = 0;
		};
		6F1C7089251473BB007D1DFC /* Frameworks */ = {
			isa = PBXFrameworksBuildPhase;
			buildActionMask = 2147483647;
			files = (
				6F1C70A4251473E7007D1DFC /* AppKit.framework in Frameworks */,
				6F1C70A2251473DF007D1DFC /* CoreFoundation.framework in Frameworks */,
				6F1C70A0251473CD007D1DFC /* IOKit.framework in Frameworks */,
				6FD082B32537DA1A00491976 /* OSD.framework in Frameworks */,
				6F1C70B2251475BA007D1DFC /* PreferencePanes.framework in Frameworks */,
			);
			runOnlyForDeploymentPostprocessing = 0;
		};
		6F7D483D25344C25004074C7 /* Frameworks */ = {
			isa = PBXFrameworksBuildPhase;
			buildActionMask = 2147483647;
			files = (
				6F7D488325346671004074C7 /* AppKit.framework in Frameworks */,
			);
			runOnlyForDeploymentPostprocessing = 0;
		};
		6F88069024EB575F00ACD6C8 /* Frameworks */ = {
			isa = PBXFrameworksBuildPhase;
			buildActionMask = 2147483647;
			files = (
				6F7B0EE925303D83001616D6 /* libkmod.a in Frameworks */,
			);
			runOnlyForDeploymentPostprocessing = 0;
		};
/* End PBXFrameworksBuildPhase section */

/* Begin PBXGroup section */
		6F08ACDA24746B8B00681A63 = {
			isa = PBXGroup;
			children = (
				6F70425F24D2CF5200FD5659 /* Docs */,
				6F1C709E251473CC007D1DFC /* Frameworks */,
				6F83586324D0BFEE0031512F /* SDK */,
				6F08ACE624746B8B00681A63 /* YogaSMC */,
				6F0A987825343357002F9F65 /* YogaSMCNC */,
				6F7D484125344C25004074C7 /* YogaSMCNCHelper */,
				6F1C708D251473BB007D1DFC /* YogaSMCPane */,
				6F8B1F1925380748003DD8A8 /* YogaSMCUtils */,
				6F08ACE524746B8B00681A63 /* Products */,
			);
			sourceTree = "<group>";
		};
		6F08ACE524746B8B00681A63 /* Products */ = {
			isa = PBXGroup;
			children = (
				6F08ACE424746B8B00681A63 /* YogaSMC.kext */,
				6F88069624EB575F00ACD6C8 /* YogaSMCAlter.kext */,
				6F1C708C251473BB007D1DFC /* YogaSMCPane.prefPane */,
				6F0A987725343357002F9F65 /* YogaSMCNC.app */,
				6F7D484025344C25004074C7 /* YogaSMCNCHelper.app */,
			);
			name = Products;
			sourceTree = "<group>";
		};
		6F08ACE624746B8B00681A63 /* YogaSMC */ = {
			isa = PBXGroup;
			children = (
				6F70426024D2CFB900FD5659 /* YogaSMC */,
				6F9553BC24BA516100215EBB /* YogaVPC */,
				6F48676024A2937E003AD4CA /* YogaWMI */,
				6FCF7F572474B74800A82B13 /* WMI.h */,
				6FCF7F582474B74800A82B13 /* WMI.cpp */,
				6FD2BB46247721040018EA36 /* bmfdec.h */,
				6FD2BB47247721040018EA36 /* bmfdec.c */,
				6FD2BB8C247B37A20018EA36 /* bmfparser.hpp */,
				6FD2BB8B247B37A20018EA36 /* bmfparser.cpp */,
				6FCF7F5B2474B89000A82B13 /* common.h */,
				6F96F4D524CD9593005A7686 /* message.h */,
				6F83587224D0C2B50031512F /* KeyImplementations.hpp */,
				6F83587124D0C2B50031512F /* KeyImplementations.cpp */,
				6F861250253BF805008FB857 /* YogaBaseService.hpp */,
				6F86124F253BF805008FB857 /* YogaBaseService.cpp */,
				6F87BF7F24D26A5D00D64375 /* YogaSMC.hpp */,
				6F87BF7E24D26A5D00D64375 /* YogaSMC.cpp */,
				6F05D7E1252E35A000471F57 /* YogaSMCUserClientPrivate.hpp */,
				6F81FC4025317AE100CFEDF5 /* YogaSMCUserClient.h */,
				6F05D7E0252E35A000471F57 /* YogaSMCUserClient.cpp */,
				6F96A30B24B93D25006562EC /* YogaVPC.hpp */,
				6F96A30A24B93D25006562EC /* YogaVPC.cpp */,
				6F08ACE724746B8B00681A63 /* YogaWMI.hpp */,
				6F08ACE924746B8B00681A63 /* YogaWMI.cpp */,
				6F08ACEB24746B8B00681A63 /* Info.plist */,
				6F88069724EB575F00ACD6C8 /* Alter-Info.plist */,
			);
			path = YogaSMC;
			sourceTree = "<group>";
		};
		6F0A987825343357002F9F65 /* YogaSMCNC */ = {
			isa = PBXGroup;
			children = (
				6F86121D253AF7FA008FB857 /* Resources */,
				6F8B1FEA2538D64B003DD8A8 /* YogaSMCNC.entitlements */,
				6F0A987925343357002F9F65 /* AppDelegate.swift */,
				6F861242253BD7FB008FB857 /* Configuration.swift */,
				6F0A987D25343359002F9F65 /* Assets.xcassets */,
				6F0A987F25343359002F9F65 /* Main.storyboard */,
				6F0A988225343359002F9F65 /* Info.plist */,
			);
			path = YogaSMCNC;
			sourceTree = "<group>";
		};
		6F1C708D251473BB007D1DFC /* YogaSMCPane */ = {
			isa = PBXGroup;
			children = (
				6F1C70A625147410007D1DFC /* YogaSMCPane.swift */,
				6F1C7092251473BB007D1DFC /* YogaSMCPane.tiff */,
				6F1C7094251473BB007D1DFC /* YogaSMCPane.xib */,
				6F1C7097251473BB007D1DFC /* Info.plist */,
			);
			path = YogaSMCPane;
			sourceTree = "<group>";
		};
		6F1C709E251473CC007D1DFC /* Frameworks */ = {
			isa = PBXGroup;
			children = (
				6F8611F1253AC075008FB857 /* ApplicationServices.framework */,
				6F1C70A3251473E7007D1DFC /* AppKit.framework */,
				6F1C70A1251473DF007D1DFC /* CoreFoundation.framework */,
				6F8611E0253AB869008FB857 /* CoreWLAN.framework */,
				6F8611CD253AA2FA008FB857 /* IOBluetooth.framework */,
				6F1C709F251473CD007D1DFC /* IOKit.framework */,
				6F984C32253E1A8A00629109 /* NotificationCenter.framework */,
				6FD082B22537DA1A00491976 /* OSD.framework */,
				6F1C70B1251475BA007D1DFC /* PreferencePanes.framework */,
				6F7D487A253465DB004074C7 /* ServiceManagement.framework */,
				6F05D7F125300CDE00471F57 /* libkmod.a */,
			);
			name = Frameworks;
			sourceTree = "<group>";
		};
		6F48676024A2937E003AD4CA /* YogaWMI */ = {
			isa = PBXGroup;
			children = (
				6F48676224A293A0003AD4CA /* IdeaWMI.hpp */,
				6F48676124A293A0003AD4CA /* IdeaWMI.cpp */,
			);
			path = YogaWMI;
			sourceTree = "<group>";
		};
		6F70425F24D2CF5200FD5659 /* Docs */ = {
			isa = PBXGroup;
			children = (
				6F70426124D2CFE900FD5659 /* SSDTSample */,
				6F2D45CB24C9494B00A75751 /* LICENSE */,
				6F9B2AB124D2ADD800005C16 /* README.md */,
			);
			name = Docs;
			sourceTree = "<group>";
		};
		6F70426024D2CFB900FD5659 /* YogaSMC */ = {
			isa = PBXGroup;
			children = (
				6F77A23724F4FE59007A127B /* IdeaSMC.hpp */,
				6F77A23624F4FE59007A127B /* IdeaSMC.cpp */,
				6F7B5CFE24FBC3CC00AA80FF /* ThinkSMC.hpp */,
				6F7B5CFD24FBC3CC00AA80FF /* ThinkSMC.cpp */,
			);
			path = YogaSMC;
			sourceTree = "<group>";
		};
		6F7D484125344C25004074C7 /* YogaSMCNCHelper */ = {
			isa = PBXGroup;
			children = (
				6F7D484225344C25004074C7 /* main.swift */,
				6F7D484B25344C25004074C7 /* Info.plist */,
			);
			path = YogaSMCNCHelper;
			sourceTree = "<group>";
		};
		6F83586324D0BFEE0031512F /* SDK */ = {
			isa = PBXGroup;
			children = (
				6F83586424D0BFFD0031512F /* Headers */,
				6F83586F24D0C0C90031512F /* VirtualSMCSDK */,
			);
			name = SDK;
			path = YogaSMC;
			sourceTree = "<group>";
		};
		6F86121D253AF7FA008FB857 /* Resources */ = {
			isa = PBXGroup;
			children = (
				6F86122D253B692C008FB857 /* AirplaneMode.pdf */,
				6F86122E253B692C008FB857 /* Antenna.pdf */,
				6F861214253AF7E4008FB857 /* BacklightHigh.pdf */,
				6F861212253AF7E4008FB857 /* BacklightLow.pdf */,
				6F861213253AF7E4008FB857 /* BacklightOff.pdf */,
				6F8B2321253CE59C005BEC5D /* Bluetooth.pdf */,
				6F8B2336253CEA93005BEC5D /* Camera.pdf */,
				6FA75307253D68C600EBE9D7 /* FunctionKey.pdf */,
				6F8B230F253CE075005BEC5D /* Keyboard.pdf */,
				6F8B2310253CE075005BEC5D /* KeyboardOff.pdf */,
				6F8B2301253C4241005BEC5D /* Mic.pdf */,
				6F8B2302253C4241005BEC5D /* MicOff.pdf */,
				6F8B2349253CF029005BEC5D /* SecondDisplay.pdf */,
				6F8B2342253CEF97005BEC5D /* Sleep.pdf */,
				6F861236253BD518008FB857 /* Star.pdf */,
				6F8B2318253CE1F3005BEC5D /* Wifi.pdf */,
				6F8B2319253CE1F3005BEC5D /* WifiOff.pdf */,
			);
			path = Resources;
			sourceTree = "<group>";
		};
		6F8B1F1925380748003DD8A8 /* YogaSMCUtils */ = {
			isa = PBXGroup;
			children = (
				6F8AF12F254DEDEE00438EC8 /* DateHelper.swift */,
				6F8B1F2C253808DC003DD8A8 /* OSDHelper.swift */,
				6F8B1F242538083A003DD8A8 /* PropertyHelper.swift */,
				6F8611D4253AB59F008FB857 /* RFHelper.swift */,
				6F8B1F70253821C3003DD8A8 /* ScriptHelper.swift */,
				6F8B1FB92538C53A003DD8A8 /* SystemPreferences.swift */,
				6FD083002537E87400491976 /* YogaSMC-Bridging-Header.h */,
			);
			path = YogaSMCUtils;
			sourceTree = "<group>";
		};
		6F9553BC24BA516100215EBB /* YogaVPC */ = {
			isa = PBXGroup;
			children = (
				6FE3698824F76A5D008B29E4 /* DYTC.h */,
				6F9553B924BA515B00215EBB /* IdeaVPC.hpp */,
				6F9553B824BA515B00215EBB /* IdeaVPC.cpp */,
				6F8B1F902538309F003DD8A8 /* ThinkEvents.h */,
				6F6CEDA324BC14C2004D553F /* ThinkVPC.hpp */,
				6F6CEDA224BC14C2004D553F /* ThinkVPC.cpp */,
			);
			path = YogaVPC;
			sourceTree = "<group>";
		};
/* End PBXGroup section */

/* Begin PBXHeadersBuildPhase section */
		6F08ACDF24746B8B00681A63 /* Headers */ = {
			isa = PBXHeadersBuildPhase;
			buildActionMask = 2147483647;
			files = (
				6F05D7E3252E35A000471F57 /* YogaSMCUserClientPrivate.hpp in Headers */,
				6FCF7F592474B74800A82B13 /* WMI.h in Headers */,
				6F96A30D24B93D25006562EC /* YogaVPC.hpp in Headers */,
				6F861253253BF805008FB857 /* YogaBaseService.hpp in Headers */,
				6FD2BB8E247B37A20018EA36 /* bmfparser.hpp in Headers */,
				6FCF7F5C2474B89000A82B13 /* common.h in Headers */,
				6FD2BB48247721040018EA36 /* bmfdec.h in Headers */,
				6F08ACE824746B8B00681A63 /* YogaWMI.hpp in Headers */,
				6F6CEDA524BC14C2004D553F /* ThinkVPC.hpp in Headers */,
				6F87BF8124D26A5D00D64375 /* YogaSMC.hpp in Headers */,
				6F81FC4425317B1200CFEDF5 /* YogaSMCUserClient.h in Headers */,
				6F48676424A293A0003AD4CA /* IdeaWMI.hpp in Headers */,
				6F77A23924F4FE59007A127B /* IdeaSMC.hpp in Headers */,
				6F7B5D0024FBC3CC00AA80FF /* ThinkSMC.hpp in Headers */,
				6F83587424D0C2B50031512F /* KeyImplementations.hpp in Headers */,
				6F9553BB24BA515B00215EBB /* IdeaVPC.hpp in Headers */,
			);
			runOnlyForDeploymentPostprocessing = 0;
		};
		6F88067724EB575F00ACD6C8 /* Headers */ = {
			isa = PBXHeadersBuildPhase;
			buildActionMask = 2147483647;
			files = (
				6F05D7E7252E362600471F57 /* YogaSMCUserClientPrivate.hpp in Headers */,
				6F81FC4825317B1300CFEDF5 /* YogaSMCUserClient.h in Headers */,
				6F88067924EB575F00ACD6C8 /* WMI.h in Headers */,
				6F861254253BF805008FB857 /* YogaBaseService.hpp in Headers */,
				6F88067A24EB575F00ACD6C8 /* YogaVPC.hpp in Headers */,
				6F88067B24EB575F00ACD6C8 /* bmfparser.hpp in Headers */,
				6F88067C24EB575F00ACD6C8 /* common.h in Headers */,
				6F88067D24EB575F00ACD6C8 /* bmfdec.h in Headers */,
				6F88067E24EB575F00ACD6C8 /* YogaWMI.hpp in Headers */,
				6F88067F24EB575F00ACD6C8 /* ThinkVPC.hpp in Headers */,
				6F88068124EB575F00ACD6C8 /* IdeaWMI.hpp in Headers */,
				6F88068324EB575F00ACD6C8 /* IdeaVPC.hpp in Headers */,
			);
			runOnlyForDeploymentPostprocessing = 0;
		};
/* End PBXHeadersBuildPhase section */

/* Begin PBXLegacyTarget section */
		6F97877024EB61BB008B03D2 /* BuildAll */ = {
			isa = PBXLegacyTarget;
			buildArgumentsString = "";
			buildConfigurationList = 6F97877324EB61BB008B03D2 /* Build configuration list for PBXLegacyTarget "BuildAll" */;
			buildPhases = (
			);
			buildToolPath = /bin/date;
			buildWorkingDirectory = "";
			dependencies = (
				6F25B6A925343ADB00C2920C /* PBXTargetDependency */,
				6FF2A6882516BD8B000817CD /* PBXTargetDependency */,
				6F97877724EB61CA008B03D2 /* PBXTargetDependency */,
				6F97877524EB61C7008B03D2 /* PBXTargetDependency */,
			);
			name = BuildAll;
			passBuildSettingsInEnvironment = 1;
			productName = BuildAll;
		};
/* End PBXLegacyTarget section */

/* Begin PBXNativeTarget section */
		6F08ACE324746B8B00681A63 /* YogaSMC */ = {
			isa = PBXNativeTarget;
			buildConfigurationList = 6F08ACEE24746B8B00681A63 /* Build configuration list for PBXNativeTarget "YogaSMC" */;
			buildPhases = (
				6F08ACDF24746B8B00681A63 /* Headers */,
				6F08ACE024746B8B00681A63 /* Sources */,
				6F08ACE124746B8B00681A63 /* Frameworks */,
				6F2D45CA24C9491C00A75751 /* CopyFiles */,
			);
			buildRules = (
			);
			dependencies = (
			);
			name = YogaSMC;
			productName = YogaSMC;
			productReference = 6F08ACE424746B8B00681A63 /* YogaSMC.kext */;
			productType = "com.apple.product-type.kernel-extension";
		};
		6F0A987625343357002F9F65 /* YogaSMCNC */ = {
			isa = PBXNativeTarget;
			buildConfigurationList = 6F0A988625343359002F9F65 /* Build configuration list for PBXNativeTarget "YogaSMCNC" */;
			buildPhases = (
				6F0A987325343357002F9F65 /* Sources */,
				6F0A987425343357002F9F65 /* Frameworks */,
				6F0A987525343357002F9F65 /* Resources */,
				6F7D486E25344D48004074C7 /* Copy Login Item */,
				6F89849C254941090016FF59 /* Add Commit Hash */,
			);
			buildRules = (
			);
			dependencies = (
				6F7D488B253509CC004074C7 /* PBXTargetDependency */,
			);
			name = YogaSMCNC;
			productName = YogaSMCNC;
			productReference = 6F0A987725343357002F9F65 /* YogaSMCNC.app */;
			productType = "com.apple.product-type.application";
		};
		6F1C708B251473BB007D1DFC /* YogaSMCPane */ = {
			isa = PBXNativeTarget;
			buildConfigurationList = 6F1C709A251473BB007D1DFC /* Build configuration list for PBXNativeTarget "YogaSMCPane" */;
			buildPhases = (
				6F1C7088251473BB007D1DFC /* Sources */,
				6F1C7089251473BB007D1DFC /* Frameworks */,
				6F1C708A251473BB007D1DFC /* Resources */,
				6F89847325493BE90016FF59 /* Add Commit Hash */,
			);
			buildRules = (
			);
			dependencies = (
			);
			name = YogaSMCPane;
			productName = YogaSMCPane;
			productReference = 6F1C708C251473BB007D1DFC /* YogaSMCPane.prefPane */;
			productType = "com.apple.product-type.bundle";
		};
		6F7D483F25344C25004074C7 /* YogaSMCNCHelper */ = {
			isa = PBXNativeTarget;
			buildConfigurationList = 6F7D484D25344C25004074C7 /* Build configuration list for PBXNativeTarget "YogaSMCNCHelper" */;
			buildPhases = (
				6F7D483C25344C25004074C7 /* Sources */,
				6F7D483D25344C25004074C7 /* Frameworks */,
			);
			buildRules = (
			);
			dependencies = (
			);
			name = YogaSMCNCHelper;
			productName = YogaSMCNCHelper;
			productReference = 6F7D484025344C25004074C7 /* YogaSMCNCHelper.app */;
			productType = "com.apple.product-type.application";
		};
		6F88067624EB575F00ACD6C8 /* YogaSMCAlter */ = {
			isa = PBXNativeTarget;
			buildConfigurationList = 6F88069324EB575F00ACD6C8 /* Build configuration list for PBXNativeTarget "YogaSMCAlter" */;
			buildPhases = (
				6F88067724EB575F00ACD6C8 /* Headers */,
				6F88068424EB575F00ACD6C8 /* Sources */,
				6F88069024EB575F00ACD6C8 /* Frameworks */,
			);
			buildRules = (
			);
			dependencies = (
			);
			name = YogaSMCAlter;
			productName = YogaSMC;
			productReference = 6F88069624EB575F00ACD6C8 /* YogaSMCAlter.kext */;
			productType = "com.apple.product-type.kernel-extension";
		};
/* End PBXNativeTarget section */

/* Begin PBXProject section */
		6F08ACDB24746B8B00681A63 /* Project object */ = {
			isa = PBXProject;
			attributes = {
				LastSwiftUpdateCheck = 1200;
				LastUpgradeCheck = 1210;
				ORGANIZATIONNAME = zhen;
				TargetAttributes = {
					6F08ACE324746B8B00681A63 = {
						CreatedOnToolsVersion = 11.4.1;
					};
					6F0A987625343357002F9F65 = {
						CreatedOnToolsVersion = 12.0;
					};
					6F1C708B251473BB007D1DFC = {
						CreatedOnToolsVersion = 12.0;
						LastSwiftMigration = 1200;
					};
					6F7D483F25344C25004074C7 = {
						CreatedOnToolsVersion = 12.0;
					};
					6F97877024EB61BB008B03D2 = {
						CreatedOnToolsVersion = 12.0;
					};
				};
			};
			buildConfigurationList = 6F08ACDE24746B8B00681A63 /* Build configuration list for PBXProject "YogaSMC" */;
			compatibilityVersion = "Xcode 9.3";
			developmentRegion = en;
			hasScannedForEncodings = 0;
			knownRegions = (
				en,
				Base,
			);
			mainGroup = 6F08ACDA24746B8B00681A63;
			productRefGroup = 6F08ACE524746B8B00681A63 /* Products */;
			projectDirPath = "";
			projectRoot = "";
			targets = (
				6F08ACE324746B8B00681A63 /* YogaSMC */,
				6F88067624EB575F00ACD6C8 /* YogaSMCAlter */,
				6F97877024EB61BB008B03D2 /* BuildAll */,
				6F1C708B251473BB007D1DFC /* YogaSMCPane */,
				6F0A987625343357002F9F65 /* YogaSMCNC */,
				6F7D483F25344C25004074C7 /* YogaSMCNCHelper */,
			);
		};
/* End PBXProject section */

/* Begin PBXResourcesBuildPhase section */
		6F0A987525343357002F9F65 /* Resources */ = {
			isa = PBXResourcesBuildPhase;
			buildActionMask = 2147483647;
			files = (
				6F8B2303253C4241005BEC5D /* Mic.pdf in Resources */,
				6F861215253AF7E4008FB857 /* BacklightLow.pdf in Resources */,
				6F8B231A253CE1F3005BEC5D /* Wifi.pdf in Resources */,
				6F8B234A253CF029005BEC5D /* SecondDisplay.pdf in Resources */,
				6F861216253AF7E4008FB857 /* BacklightOff.pdf in Resources */,
				6FA75308253D68C600EBE9D7 /* FunctionKey.pdf in Resources */,
				6F861237253BD518008FB857 /* Star.pdf in Resources */,
				6F8B2343253CEF97005BEC5D /* Sleep.pdf in Resources */,
				6F8B2304253C4241005BEC5D /* MicOff.pdf in Resources */,
				6F861217253AF7E4008FB857 /* BacklightHigh.pdf in Resources */,
				6F0A987E25343359002F9F65 /* Assets.xcassets in Resources */,
				6F8B2312253CE075005BEC5D /* KeyboardOff.pdf in Resources */,
				6F8B231B253CE1F3005BEC5D /* WifiOff.pdf in Resources */,
				6F0A988125343359002F9F65 /* Main.storyboard in Resources */,
				6F8B2337253CEA94005BEC5D /* Camera.pdf in Resources */,
				6F86122F253B692C008FB857 /* AirplaneMode.pdf in Resources */,
				6F8B2311253CE075005BEC5D /* Keyboard.pdf in Resources */,
				6F861230253B692C008FB857 /* Antenna.pdf in Resources */,
				6F8B2322253CE59C005BEC5D /* Bluetooth.pdf in Resources */,
			);
			runOnlyForDeploymentPostprocessing = 0;
		};
		6F1C708A251473BB007D1DFC /* Resources */ = {
			isa = PBXResourcesBuildPhase;
			buildActionMask = 2147483647;
			files = (
				6F1C7093251473BB007D1DFC /* YogaSMCPane.tiff in Resources */,
				6F1C7096251473BB007D1DFC /* YogaSMCPane.xib in Resources */,
			);
			runOnlyForDeploymentPostprocessing = 0;
		};
/* End PBXResourcesBuildPhase section */

/* Begin PBXShellScriptBuildPhase section */
		6F89847325493BE90016FF59 /* Add Commit Hash */ = {
			isa = PBXShellScriptBuildPhase;
			alwaysOutOfDate = 1;
			buildActionMask = 2147483647;
			files = (
			);
			inputFileListPaths = (
			);
			inputPaths = (
			);
			name = "Add Commit Hash";
			outputFileListPaths = (
			);
			outputPaths = (
			);
			runOnlyForDeploymentPostprocessing = 0;
			shellPath = /bin/sh;
			shellScript = "DESC=$(git --git-dir=\"${PROJECT_DIR}/.git\" --work-tree=\"${PROJECT_DIR}\" describe --always --dirty --tags)\n/usr/libexec/PlistBuddy -c \"Set :CFBundleVersion $DESC\" \"${TARGET_BUILD_DIR}/${EXECUTABLE_NAME}.prefpane/Contents/Info.plist\"\n";
		};
		6F89849C254941090016FF59 /* Add Commit Hash */ = {
			isa = PBXShellScriptBuildPhase;
			alwaysOutOfDate = 1;
			buildActionMask = 2147483647;
			files = (
			);
			inputFileListPaths = (
			);
			inputPaths = (
			);
			name = "Add Commit Hash";
			outputFileListPaths = (
			);
			outputPaths = (
			);
			runOnlyForDeploymentPostprocessing = 0;
			shellPath = /bin/sh;
			shellScript = "DESC=$(git --git-dir=\"${PROJECT_DIR}/.git\" --work-tree=\"${PROJECT_DIR}\" describe --always --dirty --tags)\n/usr/libexec/PlistBuddy -c \"Set :CFBundleVersion $DESC\" \"${TARGET_BUILD_DIR}/${EXECUTABLE_NAME}.app/Contents/Info.plist\"\n";
		};
/* End PBXShellScriptBuildPhase section */

/* Begin PBXSourcesBuildPhase section */
		6F08ACE024746B8B00681A63 /* Sources */ = {
			isa = PBXSourcesBuildPhase;
			buildActionMask = 2147483647;
			files = (
				6F9553BA24BA515B00215EBB /* IdeaVPC.cpp in Sources */,
				6F6CEDA424BC14C2004D553F /* ThinkVPC.cpp in Sources */,
				6F77A23824F4FE59007A127B /* IdeaSMC.cpp in Sources */,
				6F08ACEA24746B8B00681A63 /* YogaWMI.cpp in Sources */,
				6F83587324D0C2B50031512F /* KeyImplementations.cpp in Sources */,
				6F05D7E2252E35A000471F57 /* YogaSMCUserClient.cpp in Sources */,
				6F48676324A293A0003AD4CA /* IdeaWMI.cpp in Sources */,
				6F7B5CFF24FBC3CC00AA80FF /* ThinkSMC.cpp in Sources */,
				6F861251253BF805008FB857 /* YogaBaseService.cpp in Sources */,
				6FD2BB49247721040018EA36 /* bmfdec.c in Sources */,
				6FCF7F5A2474B74800A82B13 /* WMI.cpp in Sources */,
				6F96A30C24B93D25006562EC /* YogaVPC.cpp in Sources */,
				6FD2BB8D247B37A20018EA36 /* bmfparser.cpp in Sources */,
				6F87BF8024D26A5D00D64375 /* YogaSMC.cpp in Sources */,
			);
			runOnlyForDeploymentPostprocessing = 0;
		};
		6F0A987325343357002F9F65 /* Sources */ = {
			isa = PBXSourcesBuildPhase;
			buildActionMask = 2147483647;
			files = (
				6F8B1F2E253808DC003DD8A8 /* OSDHelper.swift in Sources */,
				6F8AF130254DEDEE00438EC8 /* DateHelper.swift in Sources */,
				6F8B1F262538083A003DD8A8 /* PropertyHelper.swift in Sources */,
				6F8611D5253AB59F008FB857 /* RFHelper.swift in Sources */,
				6F8B1F71253821C3003DD8A8 /* ScriptHelper.swift in Sources */,
				6F8B1FC52538CB37003DD8A8 /* SystemPreferences.swift in Sources */,
				6F0A987A25343357002F9F65 /* AppDelegate.swift in Sources */,
				6F861243253BD7FB008FB857 /* Configuration.swift in Sources */,
			);
			runOnlyForDeploymentPostprocessing = 0;
		};
		6F1C7088251473BB007D1DFC /* Sources */ = {
			isa = PBXSourcesBuildPhase;
			buildActionMask = 2147483647;
			files = (
				6F8B1F2D253808DC003DD8A8 /* OSDHelper.swift in Sources */,
				6F8B1F252538083A003DD8A8 /* PropertyHelper.swift in Sources */,
				6F8AF13B254DF79100438EC8 /* ScriptHelper.swift in Sources */,
				6F8AF141254DF89600438EC8 /* SystemPreferences.swift in Sources */,
				6F1C70A725147410007D1DFC /* YogaSMCPane.swift in Sources */,
			);
			runOnlyForDeploymentPostprocessing = 0;
		};
		6F7D483C25344C25004074C7 /* Sources */ = {
			isa = PBXSourcesBuildPhase;
			buildActionMask = 2147483647;
			files = (
				6F7D484325344C25004074C7 /* main.swift in Sources */,
			);
			runOnlyForDeploymentPostprocessing = 0;
		};
		6F88068424EB575F00ACD6C8 /* Sources */ = {
			isa = PBXSourcesBuildPhase;
			buildActionMask = 2147483647;
			files = (
				6F861252253BF805008FB857 /* YogaBaseService.cpp in Sources */,
				6F88068524EB575F00ACD6C8 /* IdeaVPC.cpp in Sources */,
				6F05D7EB252E362A00471F57 /* YogaSMCUserClient.cpp in Sources */,
				6F88068624EB575F00ACD6C8 /* ThinkVPC.cpp in Sources */,
				6F88068724EB575F00ACD6C8 /* YogaWMI.cpp in Sources */,
				6F88068924EB575F00ACD6C8 /* IdeaWMI.cpp in Sources */,
				6F88068A24EB575F00ACD6C8 /* bmfdec.c in Sources */,
				6F88068B24EB575F00ACD6C8 /* WMI.cpp in Sources */,
				6F88068C24EB575F00ACD6C8 /* YogaVPC.cpp in Sources */,
				6F88068E24EB575F00ACD6C8 /* bmfparser.cpp in Sources */,
			);
			runOnlyForDeploymentPostprocessing = 0;
		};
/* End PBXSourcesBuildPhase section */

/* Begin PBXTargetDependency section */
		6F25B6A925343ADB00C2920C /* PBXTargetDependency */ = {
			isa = PBXTargetDependency;
			target = 6F0A987625343357002F9F65 /* YogaSMCNC */;
			targetProxy = 6F25B6A825343ADB00C2920C /* PBXContainerItemProxy */;
		};
		6F7D488B253509CC004074C7 /* PBXTargetDependency */ = {
			isa = PBXTargetDependency;
			target = 6F7D483F25344C25004074C7 /* YogaSMCNCHelper */;
			targetProxy = 6F7D488A253509CC004074C7 /* PBXContainerItemProxy */;
		};
		6F97877524EB61C7008B03D2 /* PBXTargetDependency */ = {
			isa = PBXTargetDependency;
			target = 6F08ACE324746B8B00681A63 /* YogaSMC */;
			targetProxy = 6F97877424EB61C7008B03D2 /* PBXContainerItemProxy */;
		};
		6F97877724EB61CA008B03D2 /* PBXTargetDependency */ = {
			isa = PBXTargetDependency;
			target = 6F88067624EB575F00ACD6C8 /* YogaSMCAlter */;
			targetProxy = 6F97877624EB61CA008B03D2 /* PBXContainerItemProxy */;
		};
		6FF2A6882516BD8B000817CD /* PBXTargetDependency */ = {
			isa = PBXTargetDependency;
			target = 6F1C708B251473BB007D1DFC /* YogaSMCPane */;
			targetProxy = 6FF2A6872516BD8B000817CD /* PBXContainerItemProxy */;
		};
/* End PBXTargetDependency section */

/* Begin PBXVariantGroup section */
		6F0A987F25343359002F9F65 /* Main.storyboard */ = {
			isa = PBXVariantGroup;
			children = (
				6F0A988025343359002F9F65 /* Base */,
			);
			name = Main.storyboard;
			sourceTree = "<group>";
		};
		6F1C7094251473BB007D1DFC /* YogaSMCPane.xib */ = {
			isa = PBXVariantGroup;
			children = (
				6F1C7095251473BB007D1DFC /* Base */,
			);
			name = YogaSMCPane.xib;
			sourceTree = "<group>";
		};
/* End PBXVariantGroup section */

/* Begin XCBuildConfiguration section */
		6F08ACEC24746B8B00681A63 /* Debug */ = {
			isa = XCBuildConfiguration;
			buildSettings = {
				ALWAYS_SEARCH_USER_PATHS = NO;
				ARCHS = "$(NATIVE_ARCH_ACTUAL)";
				CLANG_ANALYZER_NONNULL = YES;
				CLANG_ANALYZER_NUMBER_OBJECT_CONVERSION = YES_AGGRESSIVE;
				CLANG_CXX_LANGUAGE_STANDARD = "gnu++14";
				CLANG_CXX_LIBRARY = "libc++";
				CLANG_ENABLE_MODULES = YES;
				CLANG_ENABLE_OBJC_ARC = YES;
				CLANG_ENABLE_OBJC_WEAK = YES;
				CLANG_WARN_BLOCK_CAPTURE_AUTORELEASING = YES;
				CLANG_WARN_BOOL_CONVERSION = YES;
				CLANG_WARN_COMMA = YES;
				CLANG_WARN_CONSTANT_CONVERSION = YES;
				CLANG_WARN_DEPRECATED_OBJC_IMPLEMENTATIONS = YES;
				CLANG_WARN_DIRECT_OBJC_ISA_USAGE = YES_ERROR;
				CLANG_WARN_DOCUMENTATION_COMMENTS = YES;
				CLANG_WARN_EMPTY_BODY = YES;
				CLANG_WARN_ENUM_CONVERSION = YES;
				CLANG_WARN_INFINITE_RECURSION = YES;
				CLANG_WARN_INT_CONVERSION = YES;
				CLANG_WARN_NON_LITERAL_NULL_CONVERSION = YES;
				CLANG_WARN_OBJC_IMPLICIT_RETAIN_SELF = YES;
				CLANG_WARN_OBJC_LITERAL_CONVERSION = YES;
				CLANG_WARN_OBJC_ROOT_CLASS = YES_ERROR;
				CLANG_WARN_QUOTED_INCLUDE_IN_FRAMEWORK_HEADER = YES;
				CLANG_WARN_RANGE_LOOP_ANALYSIS = YES;
				CLANG_WARN_STRICT_PROTOTYPES = YES;
				CLANG_WARN_SUSPICIOUS_MOVE = YES;
				CLANG_WARN_UNGUARDED_AVAILABILITY = YES_AGGRESSIVE;
				CLANG_WARN_UNREACHABLE_CODE = YES;
				CLANG_WARN__DUPLICATE_METHOD_MATCH = YES;
				COPY_PHASE_STRIP = NO;
				CURRENT_PROJECT_VERSION = 1.2.1;
				DEBUG_INFORMATION_FORMAT = dwarf;
				ENABLE_STRICT_OBJC_MSGSEND = YES;
				ENABLE_TESTABILITY = YES;
				GCC_C_LANGUAGE_STANDARD = gnu11;
				GCC_DYNAMIC_NO_PIC = NO;
				GCC_NO_COMMON_BLOCKS = YES;
				GCC_OPTIMIZATION_LEVEL = 0;
				GCC_PREPROCESSOR_DEFINITIONS = (
					"DEBUG=1",
					"$(inherited)",
				);
				GCC_WARN_64_TO_32_BIT_CONVERSION = YES;
				GCC_WARN_ABOUT_RETURN_TYPE = YES_ERROR;
				GCC_WARN_UNDECLARED_SELECTOR = YES;
				GCC_WARN_UNINITIALIZED_AUTOS = YES_AGGRESSIVE;
				GCC_WARN_UNUSED_FUNCTION = YES;
				GCC_WARN_UNUSED_VARIABLE = YES;
				MACOSX_DEPLOYMENT_TARGET = 10.12;
				MTL_ENABLE_DEBUG_INFO = INCLUDE_SOURCE;
				MTL_FAST_MATH = YES;
				ONLY_ACTIVE_ARCH = YES;
				SDKROOT = macosx;
			};
			name = Debug;
		};
		6F08ACED24746B8B00681A63 /* Release */ = {
			isa = XCBuildConfiguration;
			buildSettings = {
				ALWAYS_SEARCH_USER_PATHS = NO;
				ARCHS = "$(NATIVE_ARCH_ACTUAL)";
				CLANG_ANALYZER_NONNULL = YES;
				CLANG_ANALYZER_NUMBER_OBJECT_CONVERSION = YES_AGGRESSIVE;
				CLANG_CXX_LANGUAGE_STANDARD = "gnu++14";
				CLANG_CXX_LIBRARY = "libc++";
				CLANG_ENABLE_MODULES = YES;
				CLANG_ENABLE_OBJC_ARC = YES;
				CLANG_ENABLE_OBJC_WEAK = YES;
				CLANG_WARN_BLOCK_CAPTURE_AUTORELEASING = YES;
				CLANG_WARN_BOOL_CONVERSION = YES;
				CLANG_WARN_COMMA = YES;
				CLANG_WARN_CONSTANT_CONVERSION = YES;
				CLANG_WARN_DEPRECATED_OBJC_IMPLEMENTATIONS = YES;
				CLANG_WARN_DIRECT_OBJC_ISA_USAGE = YES_ERROR;
				CLANG_WARN_DOCUMENTATION_COMMENTS = YES;
				CLANG_WARN_EMPTY_BODY = YES;
				CLANG_WARN_ENUM_CONVERSION = YES;
				CLANG_WARN_INFINITE_RECURSION = YES;
				CLANG_WARN_INT_CONVERSION = YES;
				CLANG_WARN_NON_LITERAL_NULL_CONVERSION = YES;
				CLANG_WARN_OBJC_IMPLICIT_RETAIN_SELF = YES;
				CLANG_WARN_OBJC_LITERAL_CONVERSION = YES;
				CLANG_WARN_OBJC_ROOT_CLASS = YES_ERROR;
				CLANG_WARN_QUOTED_INCLUDE_IN_FRAMEWORK_HEADER = YES;
				CLANG_WARN_RANGE_LOOP_ANALYSIS = YES;
				CLANG_WARN_STRICT_PROTOTYPES = YES;
				CLANG_WARN_SUSPICIOUS_MOVE = YES;
				CLANG_WARN_UNGUARDED_AVAILABILITY = YES_AGGRESSIVE;
				CLANG_WARN_UNREACHABLE_CODE = YES;
				CLANG_WARN__DUPLICATE_METHOD_MATCH = YES;
				COPY_PHASE_STRIP = NO;
				CURRENT_PROJECT_VERSION = 1.2.1;
				DEBUG_INFORMATION_FORMAT = "dwarf-with-dsym";
				ENABLE_NS_ASSERTIONS = NO;
				ENABLE_STRICT_OBJC_MSGSEND = YES;
				GCC_C_LANGUAGE_STANDARD = gnu11;
				GCC_NO_COMMON_BLOCKS = YES;
				GCC_WARN_64_TO_32_BIT_CONVERSION = YES;
				GCC_WARN_ABOUT_RETURN_TYPE = YES_ERROR;
				GCC_WARN_UNDECLARED_SELECTOR = YES;
				GCC_WARN_UNINITIALIZED_AUTOS = YES_AGGRESSIVE;
				GCC_WARN_UNUSED_FUNCTION = YES;
				GCC_WARN_UNUSED_VARIABLE = YES;
				MACOSX_DEPLOYMENT_TARGET = 10.12;
				MTL_ENABLE_DEBUG_INFO = NO;
				MTL_FAST_MATH = YES;
				SDKROOT = macosx;
				SWIFT_COMPILATION_MODE = wholemodule;
			};
			name = Release;
		};
		6F08ACEF24746B8B00681A63 /* Debug */ = {
			isa = XCBuildConfiguration;
			buildSettings = {
				CLANG_ANALYZER_DEADCODE_DEADSTORES = NO;
				CLANG_ANALYZER_DIVIDE_BY_ZERO = NO;
				CLANG_ANALYZER_NULL_DEREFERENCE = NO;
				CLANG_WARN_DOCUMENTATION_COMMENTS = NO;
				CODE_SIGN_STYLE = Manual;
				DEVELOPMENT_TEAM = "";
				GCC_PREPROCESSOR_DEFINITIONS = (
					"MODULE_VERSION=$(MODULE_VERSION)",
					"PRODUCT_NAME=$(PRODUCT_NAME)",
					"$(inherited)",
				);
				HEADER_SEARCH_PATHS = (
					"${PROJECT_DIR}/Lilu.kext/Contents/Resources",
					"${PROJECT_DIR}/VirtualSMC.kext/Contents/Resources",
					"${PROJECT_DIR}",
				);
				INFOPLIST_FILE = YogaSMC/Info.plist;
				KERNEL_EXTENSION_HEADER_SEARCH_PATHS = "$(PROJECT_DIR)/MacKernelSDK/Headers";
				KERNEL_FRAMEWORK_HEADERS = "$(PROJECT_DIR)/MacKernelSDK/Headers";
				LIBRARY_SEARCH_PATHS = (
					"$(inherited)",
					"$(PROJECT_DIR)/MacKernelSDK/Library/x86_64",
				);
				MODULE_NAME = org.zhen.YogaSMC;
				MODULE_VERSION = "$(CURRENT_PROJECT_VERSION)";
				PRODUCT_BUNDLE_IDENTIFIER = org.zhen.YogaSMC;
				PRODUCT_NAME = "$(TARGET_NAME)";
				PROVISIONING_PROFILE_SPECIFIER = "";
				RUN_CLANG_STATIC_ANALYZER = YES;
				WRAPPER_EXTENSION = kext;
			};
			name = Debug;
		};
		6F08ACF024746B8B00681A63 /* Release */ = {
			isa = XCBuildConfiguration;
			buildSettings = {
				CLANG_WARN_DOCUMENTATION_COMMENTS = NO;
				CODE_SIGN_STYLE = Manual;
				DEVELOPMENT_TEAM = "";
				GCC_PREPROCESSOR_DEFINITIONS = (
					"MODULE_VERSION=$(MODULE_VERSION)",
					"PRODUCT_NAME=$(PRODUCT_NAME)",
					"$(inherited)",
				);
				HEADER_SEARCH_PATHS = (
					"${PROJECT_DIR}/Lilu.kext/Contents/Resources",
					"${PROJECT_DIR}/VirtualSMC.kext/Contents/Resources",
					"${PROJECT_DIR}",
				);
				INFOPLIST_FILE = YogaSMC/Info.plist;
				KERNEL_EXTENSION_HEADER_SEARCH_PATHS = "$(PROJECT_DIR)/MacKernelSDK/Headers";
				KERNEL_FRAMEWORK_HEADERS = "$(PROJECT_DIR)/MacKernelSDK/Headers";
				LIBRARY_SEARCH_PATHS = (
					"$(inherited)",
					"$(PROJECT_DIR)/MacKernelSDK/Library/x86_64",
				);
				MODULE_NAME = org.zhen.YogaSMC;
				MODULE_VERSION = "$(CURRENT_PROJECT_VERSION)";
				PRODUCT_BUNDLE_IDENTIFIER = org.zhen.YogaSMC;
				PRODUCT_NAME = "$(TARGET_NAME)";
				PROVISIONING_PROFILE_SPECIFIER = "";
				WRAPPER_EXTENSION = kext;
			};
			name = Release;
		};
		6F0A988425343359002F9F65 /* Debug */ = {
			isa = XCBuildConfiguration;
			buildSettings = {
				ASSETCATALOG_COMPILER_APPICON_NAME = AppIcon;
				ASSETCATALOG_COMPILER_GLOBAL_ACCENT_COLOR_NAME = AccentColor;
				CLANG_WARN_QUOTED_INCLUDE_IN_FRAMEWORK_HEADER = YES;
				CODE_SIGN_ENTITLEMENTS = YogaSMCNC/YogaSMCNC.entitlements;
				CODE_SIGN_STYLE = Manual;
				COMBINE_HIDPI_IMAGES = YES;
				DEVELOPMENT_TEAM = "";
				ENABLE_HARDENED_RUNTIME = YES;
				FRAMEWORK_SEARCH_PATHS = (
					"$(inherited)",
					"$(PROJECT_DIR)/Frameworks",
					"$(PROJECT_DIR)",
				);
				INFOPLIST_FILE = YogaSMCNC/Info.plist;
				LD_RUNPATH_SEARCH_PATHS = (
					"$(inherited)",
					"@executable_path/../Frameworks",
				);
				PRODUCT_BUNDLE_IDENTIFIER = org.zhen.YogaSMCNC;
				PRODUCT_NAME = "$(TARGET_NAME)";
				PROVISIONING_PROFILE_SPECIFIER = "";
				SWIFT_ACTIVE_COMPILATION_CONDITIONS = DEBUG;
				SWIFT_OBJC_BRIDGING_HEADER = "YogaSMCUtils/YogaSMC-Bridging-Header.h";
				SWIFT_OPTIMIZATION_LEVEL = "-Onone";
				SWIFT_VERSION = 5.0;
				SYSTEM_FRAMEWORK_SEARCH_PATHS = (
					"$(inherited)",
					"$(SYSTEM_LIBRARY_DIR)/PrivateFrameworks",
				);
			};
			name = Debug;
		};
		6F0A988525343359002F9F65 /* Release */ = {
			isa = XCBuildConfiguration;
			buildSettings = {
				ASSETCATALOG_COMPILER_APPICON_NAME = AppIcon;
				ASSETCATALOG_COMPILER_GLOBAL_ACCENT_COLOR_NAME = AccentColor;
				CLANG_WARN_QUOTED_INCLUDE_IN_FRAMEWORK_HEADER = YES;
				CODE_SIGN_ENTITLEMENTS = YogaSMCNC/YogaSMCNC.entitlements;
				CODE_SIGN_STYLE = Manual;
				COMBINE_HIDPI_IMAGES = YES;
				DEVELOPMENT_TEAM = "";
				ENABLE_HARDENED_RUNTIME = YES;
				FRAMEWORK_SEARCH_PATHS = (
					"$(inherited)",
					"$(PROJECT_DIR)/Frameworks",
					"$(PROJECT_DIR)",
				);
				INFOPLIST_FILE = YogaSMCNC/Info.plist;
				LD_RUNPATH_SEARCH_PATHS = (
					"$(inherited)",
					"@executable_path/../Frameworks",
				);
				PRODUCT_BUNDLE_IDENTIFIER = org.zhen.YogaSMCNC;
				PRODUCT_NAME = "$(TARGET_NAME)";
				PROVISIONING_PROFILE_SPECIFIER = "";
				SWIFT_OBJC_BRIDGING_HEADER = "YogaSMCUtils/YogaSMC-Bridging-Header.h";
				SWIFT_OPTIMIZATION_LEVEL = "-O";
				SWIFT_VERSION = 5.0;
				SYSTEM_FRAMEWORK_SEARCH_PATHS = (
					"$(inherited)",
					"$(SYSTEM_LIBRARY_DIR)/PrivateFrameworks",
				);
			};
			name = Release;
		};
		6F1C7098251473BB007D1DFC /* Debug */ = {
			isa = XCBuildConfiguration;
			buildSettings = {
				ALWAYS_EMBED_SWIFT_STANDARD_LIBRARIES = YES;
				CLANG_ENABLE_MODULES = YES;
				CLANG_WARN_QUOTED_INCLUDE_IN_FRAMEWORK_HEADER = YES;
				CODE_SIGN_STYLE = Automatic;
				COMBINE_HIDPI_IMAGES = YES;
				FRAMEWORK_SEARCH_PATHS = (
					"$(inherited)",
					"$(PROJECT_DIR)/Frameworks",
					"$(PROJECT_DIR)",
				);
				INFOPLIST_FILE = YogaSMCPane/Info.plist;
				INSTALL_PATH = "$(HOME)/Library/PreferencePanes";
				LD_RUNPATH_SEARCH_PATHS = (
					"$(inherited)",
					"@executable_path/../Frameworks",
					"@loader_path/../Frameworks",
				);
				OTHER_SWIFT_FLAGS = "-D DEBUG";
				PRODUCT_BUNDLE_IDENTIFIER = org.zhen.YogaSMCPane;
				PRODUCT_NAME = "$(TARGET_NAME)";
				SWIFT_OBJC_BRIDGING_HEADER = "YogaSMCUtils/YogaSMC-Bridging-Header.h";
				SWIFT_OPTIMIZATION_LEVEL = "-Onone";
				SWIFT_VERSION = 5.0;
				SYSTEM_FRAMEWORK_SEARCH_PATHS = (
					"$(inherited)",
					"$(SYSTEM_LIBRARY_DIR)/PrivateFrameworks",
				);
				WRAPPER_EXTENSION = prefPane;
			};
			name = Debug;
		};
		6F1C7099251473BB007D1DFC /* Release */ = {
			isa = XCBuildConfiguration;
			buildSettings = {
				ALWAYS_EMBED_SWIFT_STANDARD_LIBRARIES = YES;
				CLANG_ENABLE_MODULES = YES;
				CLANG_WARN_QUOTED_INCLUDE_IN_FRAMEWORK_HEADER = YES;
				CODE_SIGN_STYLE = Automatic;
				COMBINE_HIDPI_IMAGES = YES;
				FRAMEWORK_SEARCH_PATHS = (
					"$(inherited)",
					"$(PROJECT_DIR)/Frameworks",
					"$(PROJECT_DIR)",
				);
				INFOPLIST_FILE = YogaSMCPane/Info.plist;
				INSTALL_PATH = "$(HOME)/Library/PreferencePanes";
				LD_RUNPATH_SEARCH_PATHS = (
					"$(inherited)",
					"@executable_path/../Frameworks",
					"@loader_path/../Frameworks",
				);
				OTHER_SWIFT_FLAGS = "";
				PRODUCT_BUNDLE_IDENTIFIER = org.zhen.YogaSMCPane;
				PRODUCT_NAME = "$(TARGET_NAME)";
				SWIFT_OBJC_BRIDGING_HEADER = "YogaSMCUtils/YogaSMC-Bridging-Header.h";
				SWIFT_VERSION = 5.0;
				SYSTEM_FRAMEWORK_SEARCH_PATHS = (
					"$(inherited)",
					"$(SYSTEM_LIBRARY_DIR)/PrivateFrameworks",
				);
				WRAPPER_EXTENSION = prefPane;
			};
			name = Release;
		};
		6F7D484E25344C25004074C7 /* Debug */ = {
			isa = XCBuildConfiguration;
			buildSettings = {
				ASSETCATALOG_COMPILER_APPICON_NAME = AppIcon;
				ASSETCATALOG_COMPILER_GLOBAL_ACCENT_COLOR_NAME = AccentColor;
				CLANG_WARN_QUOTED_INCLUDE_IN_FRAMEWORK_HEADER = YES;
				CODE_SIGN_STYLE = Automatic;
				COMBINE_HIDPI_IMAGES = YES;
				INFOPLIST_FILE = YogaSMCNCHelper/Info.plist;
				LD_RUNPATH_SEARCH_PATHS = (
					"$(inherited)",
					"@executable_path/../Frameworks",
				);
				PRODUCT_BUNDLE_IDENTIFIER = org.zhen.YogaSMCNCHelper;
				PRODUCT_NAME = "$(TARGET_NAME)";
				SWIFT_ACTIVE_COMPILATION_CONDITIONS = DEBUG;
				SWIFT_OPTIMIZATION_LEVEL = "-Onone";
				SWIFT_VERSION = 5.0;
			};
			name = Debug;
		};
		6F7D484F25344C25004074C7 /* Release */ = {
			isa = XCBuildConfiguration;
			buildSettings = {
				ASSETCATALOG_COMPILER_APPICON_NAME = AppIcon;
				ASSETCATALOG_COMPILER_GLOBAL_ACCENT_COLOR_NAME = AccentColor;
				CLANG_WARN_QUOTED_INCLUDE_IN_FRAMEWORK_HEADER = YES;
				CODE_SIGN_STYLE = Automatic;
				COMBINE_HIDPI_IMAGES = YES;
				INFOPLIST_FILE = YogaSMCNCHelper/Info.plist;
				LD_RUNPATH_SEARCH_PATHS = (
					"$(inherited)",
					"@executable_path/../Frameworks",
				);
				PRODUCT_BUNDLE_IDENTIFIER = org.zhen.YogaSMCNCHelper;
				PRODUCT_NAME = "$(TARGET_NAME)";
				SWIFT_OPTIMIZATION_LEVEL = "-O";
				SWIFT_VERSION = 5.0;
			};
			name = Release;
		};
		6F88069424EB575F00ACD6C8 /* Debug */ = {
			isa = XCBuildConfiguration;
			buildSettings = {
				CLANG_ANALYZER_DEADCODE_DEADSTORES = NO;
				CLANG_ANALYZER_DIVIDE_BY_ZERO = NO;
				CLANG_ANALYZER_NULL_DEREFERENCE = NO;
				CLANG_WARN_DOCUMENTATION_COMMENTS = NO;
				CODE_SIGN_STYLE = Manual;
				DEVELOPMENT_TEAM = "";
				GCC_PREPROCESSOR_DEFINITIONS = (
					"MODULE_VERSION=$(MODULE_VERSION)",
					"PRODUCT_NAME=$(PRODUCT_NAME)",
					"$(inherited)",
					"ALTER=1",
				);
				HEADER_SEARCH_PATHS = (
					"${PROJECT_DIR}/Lilu.kext/Contents/Resources",
					"${PROJECT_DIR}",
				);
				INFOPLIST_FILE = "YogaSMC/Alter-Info.plist";
				KERNEL_EXTENSION_HEADER_SEARCH_PATHS = "$(PROJECT_DIR)/MacKernelSDK/Headers";
				KERNEL_FRAMEWORK_HEADERS = "$(PROJECT_DIR)/MacKernelSDK/Headers";
				LIBRARY_SEARCH_PATHS = (
					"$(inherited)",
					"$(PROJECT_DIR)/MacKernelSDK/Library/x86_64",
				);
				MODULE_NAME = org.zhen.YogaSMC;
				MODULE_VERSION = "$(CURRENT_PROJECT_VERSION)";
				PRODUCT_BUNDLE_IDENTIFIER = org.zhen.YogaSMC;
				PRODUCT_NAME = "$(TARGET_NAME)";
				PROVISIONING_PROFILE_SPECIFIER = "";
				RUN_CLANG_STATIC_ANALYZER = YES;
				WRAPPER_EXTENSION = kext;
			};
			name = Debug;
		};
		6F88069524EB575F00ACD6C8 /* Release */ = {
			isa = XCBuildConfiguration;
			buildSettings = {
				CLANG_WARN_DOCUMENTATION_COMMENTS = NO;
				CODE_SIGN_STYLE = Manual;
				DEVELOPMENT_TEAM = "";
				GCC_PREPROCESSOR_DEFINITIONS = (
					"MODULE_VERSION=$(MODULE_VERSION)",
					"PRODUCT_NAME=$(PRODUCT_NAME)",
					"$(inherited)",
					"ALTER=1",
				);
				HEADER_SEARCH_PATHS = (
					"${PROJECT_DIR}/Lilu.kext/Contents/Resources",
					"${PROJECT_DIR}",
				);
				INFOPLIST_FILE = "YogaSMC/Alter-Info.plist";
				KERNEL_EXTENSION_HEADER_SEARCH_PATHS = "$(PROJECT_DIR)/MacKernelSDK/Headers";
				KERNEL_FRAMEWORK_HEADERS = "$(PROJECT_DIR)/MacKernelSDK/Headers";
				LIBRARY_SEARCH_PATHS = (
					"$(inherited)",
					"$(PROJECT_DIR)/MacKernelSDK/Library/x86_64",
				);
				MODULE_NAME = org.zhen.YogaSMC;
				MODULE_VERSION = "$(CURRENT_PROJECT_VERSION)";
				PRODUCT_BUNDLE_IDENTIFIER = org.zhen.YogaSMC;
				PRODUCT_NAME = "$(TARGET_NAME)";
				PROVISIONING_PROFILE_SPECIFIER = "";
				WRAPPER_EXTENSION = kext;
			};
			name = Release;
		};
		6F97877124EB61BB008B03D2 /* Debug */ = {
			isa = XCBuildConfiguration;
			buildSettings = {
			};
			name = Debug;
		};
		6F97877224EB61BB008B03D2 /* Release */ = {
			isa = XCBuildConfiguration;
			buildSettings = {
			};
			name = Release;
		};
/* End XCBuildConfiguration section */

/* Begin XCConfigurationList section */
		6F08ACDE24746B8B00681A63 /* Build configuration list for PBXProject "YogaSMC" */ = {
			isa = XCConfigurationList;
			buildConfigurations = (
				6F08ACEC24746B8B00681A63 /* Debug */,
				6F08ACED24746B8B00681A63 /* Release */,
			);
			defaultConfigurationIsVisible = 0;
			defaultConfigurationName = Release;
		};
		6F08ACEE24746B8B00681A63 /* Build configuration list for PBXNativeTarget "YogaSMC" */ = {
			isa = XCConfigurationList;
			buildConfigurations = (
				6F08ACEF24746B8B00681A63 /* Debug */,
				6F08ACF024746B8B00681A63 /* Release */,
			);
			defaultConfigurationIsVisible = 0;
			defaultConfigurationName = Release;
		};
		6F0A988625343359002F9F65 /* Build configuration list for PBXNativeTarget "YogaSMCNC" */ = {
			isa = XCConfigurationList;
			buildConfigurations = (
				6F0A988425343359002F9F65 /* Debug */,
				6F0A988525343359002F9F65 /* Release */,
			);
			defaultConfigurationIsVisible = 0;
			defaultConfigurationName = Release;
		};
		6F1C709A251473BB007D1DFC /* Build configuration list for PBXNativeTarget "YogaSMCPane" */ = {
			isa = XCConfigurationList;
			buildConfigurations = (
				6F1C7098251473BB007D1DFC /* Debug */,
				6F1C7099251473BB007D1DFC /* Release */,
			);
			defaultConfigurationIsVisible = 0;
			defaultConfigurationName = Release;
		};
		6F7D484D25344C25004074C7 /* Build configuration list for PBXNativeTarget "YogaSMCNCHelper" */ = {
			isa = XCConfigurationList;
			buildConfigurations = (
				6F7D484E25344C25004074C7 /* Debug */,
				6F7D484F25344C25004074C7 /* Release */,
			);
			defaultConfigurationIsVisible = 0;
			defaultConfigurationName = Release;
		};
		6F88069324EB575F00ACD6C8 /* Build configuration list for PBXNativeTarget "YogaSMCAlter" */ = {
			isa = XCConfigurationList;
			buildConfigurations = (
				6F88069424EB575F00ACD6C8 /* Debug */,
				6F88069524EB575F00ACD6C8 /* Release */,
			);
			defaultConfigurationIsVisible = 0;
			defaultConfigurationName = Release;
		};
		6F97877324EB61BB008B03D2 /* Build configuration list for PBXLegacyTarget "BuildAll" */ = {
			isa = XCConfigurationList;
			buildConfigurations = (
				6F97877124EB61BB008B03D2 /* Debug */,
				6F97877224EB61BB008B03D2 /* Release */,
			);
			defaultConfigurationIsVisible = 0;
			defaultConfigurationName = Release;
		};
/* End XCConfigurationList section */
	};
	rootObject = 6F08ACDB24746B8B00681A63 /* Project object */;
}
